
Microsoft Visual Studio Solution File, Format Version 12.00
# Visual Studio 14
VisualStudioVersion = 14.0.24720.0
MinimumVisualStudioVersion = 10.0.40219.1
Project("{FAE04EC0-301F-11D3-BF4B-00C04F79EFBC}") = "GettingStarted", "GettingStarted\GettingStarted\GettingStarted.csproj", "{12DC3ACF-1E41-4B27-88A2-7FE6D7832CD8}"
EndProject
Project("{FAE04EC0-301F-11D3-BF4B-00C04F79EFBC}") = "GettingStarted.Droid", "GettingStarted\GettingStarted.Droid\GettingStarted.Droid.csproj", "{616A81D2-87F0-4CA3-B0A8-504D5D4B01B7}"
EndProject
Project("{FAE04EC0-301F-11D3-BF4B-00C04F79EFBC}") = "GettingStarted.iOS", "GettingStarted\GettingStarted.iOS\GettingStarted.iOS.csproj", "{E6AEBE58-56C3-4E74-8729-9BA14954A15D}"
EndProject
Project("{FAE04EC0-301F-11D3-BF4B-00C04F79EFBC}") = "GettingStarted.UWP", "GettingStarted\GettingStarted.UWP\GettingStarted.UWP.csproj", "{FB79E415-C80B-4051-A435-513FF3734015}"
EndProject
Global
	GlobalSection(SolutionConfigurationPlatforms) = preSolution
		Ad-Hoc|Any CPU = Ad-Hoc|Any CPU
		Ad-Hoc|ARM = Ad-Hoc|ARM
		Ad-Hoc|iPhone = Ad-Hoc|iPhone
		Ad-Hoc|iPhoneSimulator = Ad-Hoc|iPhoneSimulator
		Ad-Hoc|x64 = Ad-Hoc|x64
		Ad-Hoc|x86 = Ad-Hoc|x86
		AppStore|Any CPU = AppStore|Any CPU
		AppStore|ARM = AppStore|ARM
		AppStore|iPhone = AppStore|iPhone
		AppStore|iPhoneSimulator = AppStore|iPhoneSimulator
		AppStore|x64 = AppStore|x64
		AppStore|x86 = AppStore|x86
		Debug|Any CPU = Debug|Any CPU
		Debug|ARM = Debug|ARM
		Debug|iPhone = Debug|iPhone
		Debug|iPhoneSimulator = Debug|iPhoneSimulator
		Debug|x64 = Debug|x64
		Debug|x86 = Debug|x86
		Release|Any CPU = Release|Any CPU
		Release|ARM = Release|ARM
		Release|iPhone = Release|iPhone
		Release|iPhoneSimulator = Release|iPhoneSimulator
		Release|x64 = Release|x64
		Release|x86 = Release|x86
		Release-Xml|Any CPU = Release-Xml|Any CPU
		Release-Xml|ARM = Release-Xml|ARM
		Release-Xml|iPhone = Release-Xml|iPhone
		Release-Xml|iPhoneSimulator = Release-Xml|iPhoneSimulator
		Release-Xml|x64 = Release-Xml|x64
		Release-Xml|x86 = Release-Xml|x86
	EndGlobalSection
	GlobalSection(ProjectConfigurationPlatforms) = postSolution
		{12DC3ACF-1E41-4B27-88A2-7FE6D7832CD8}.Ad-Hoc|Any CPU.ActiveCfg = Release|Any CPU
		{12DC3ACF-1E41-4B27-88A2-7FE6D7832CD8}.Ad-Hoc|Any CPU.Build.0 = Release|Any CPU
		{12DC3ACF-1E41-4B27-88A2-7FE6D7832CD8}.Ad-Hoc|ARM.ActiveCfg = Release|Any CPU
		{12DC3ACF-1E41-4B27-88A2-7FE6D7832CD8}.Ad-Hoc|ARM.Build.0 = Release|Any CPU
		{12DC3ACF-1E41-4B27-88A2-7FE6D7832CD8}.Ad-Hoc|iPhone.ActiveCfg = Release|Any CPU
		{12DC3ACF-1E41-4B27-88A2-7FE6D7832CD8}.Ad-Hoc|iPhone.Build.0 = Release|Any CPU
		{12DC3ACF-1E41-4B27-88A2-7FE6D7832CD8}.Ad-Hoc|iPhoneSimulator.ActiveCfg = Release|Any CPU
		{12DC3ACF-1E41-4B27-88A2-7FE6D7832CD8}.Ad-Hoc|iPhoneSimulator.Build.0 = Release|Any CPU
		{12DC3ACF-1E41-4B27-88A2-7FE6D7832CD8}.Ad-Hoc|x64.ActiveCfg = Release|Any CPU
		{12DC3ACF-1E41-4B27-88A2-7FE6D7832CD8}.Ad-Hoc|x64.Build.0 = Release|Any CPU
		{12DC3ACF-1E41-4B27-88A2-7FE6D7832CD8}.Ad-Hoc|x86.ActiveCfg = Release|Any CPU
		{12DC3ACF-1E41-4B27-88A2-7FE6D7832CD8}.Ad-Hoc|x86.Build.0 = Release|Any CPU
		{12DC3ACF-1E41-4B27-88A2-7FE6D7832CD8}.AppStore|Any CPU.ActiveCfg = Release|Any CPU
		{12DC3ACF-1E41-4B27-88A2-7FE6D7832CD8}.AppStore|Any CPU.Build.0 = Release|Any CPU
		{12DC3ACF-1E41-4B27-88A2-7FE6D7832CD8}.AppStore|ARM.ActiveCfg = Release|Any CPU
		{12DC3ACF-1E41-4B27-88A2-7FE6D7832CD8}.AppStore|ARM.Build.0 = Release|Any CPU
		{12DC3ACF-1E41-4B27-88A2-7FE6D7832CD8}.AppStore|iPhone.ActiveCfg = Release|Any CPU
		{12DC3ACF-1E41-4B27-88A2-7FE6D7832CD8}.AppStore|iPhone.Build.0 = Release|Any CPU
		{12DC3ACF-1E41-4B27-88A2-7FE6D7832CD8}.AppStore|iPhoneSimulator.ActiveCfg = Release|Any CPU
		{12DC3ACF-1E41-4B27-88A2-7FE6D7832CD8}.AppStore|iPhoneSimulator.Build.0 = Release|Any CPU
		{12DC3ACF-1E41-4B27-88A2-7FE6D7832CD8}.AppStore|x64.ActiveCfg = Release|Any CPU
		{12DC3ACF-1E41-4B27-88A2-7FE6D7832CD8}.AppStore|x64.Build.0 = Release|Any CPU
		{12DC3ACF-1E41-4B27-88A2-7FE6D7832CD8}.AppStore|x86.ActiveCfg = Release|Any CPU
		{12DC3ACF-1E41-4B27-88A2-7FE6D7832CD8}.AppStore|x86.Build.0 = Release|Any CPU
		{12DC3ACF-1E41-4B27-88A2-7FE6D7832CD8}.Debug|Any CPU.ActiveCfg = Debug|Any CPU
		{12DC3ACF-1E41-4B27-88A2-7FE6D7832CD8}.Debug|Any CPU.Build.0 = Debug|Any CPU
		{12DC3ACF-1E41-4B27-88A2-7FE6D7832CD8}.Debug|ARM.ActiveCfg = Debug|Any CPU
		{12DC3ACF-1E41-4B27-88A2-7FE6D7832CD8}.Debug|ARM.Build.0 = Debug|Any CPU
		{12DC3ACF-1E41-4B27-88A2-7FE6D7832CD8}.Debug|iPhone.ActiveCfg = Debug|Any CPU
		{12DC3ACF-1E41-4B27-88A2-7FE6D7832CD8}.Debug|iPhone.Build.0 = Debug|Any CPU
		{12DC3ACF-1E41-4B27-88A2-7FE6D7832CD8}.Debug|iPhoneSimulator.ActiveCfg = Debug|Any CPU
		{12DC3ACF-1E41-4B27-88A2-7FE6D7832CD8}.Debug|iPhoneSimulator.Build.0 = Debug|Any CPU
		{12DC3ACF-1E41-4B27-88A2-7FE6D7832CD8}.Debug|x64.ActiveCfg = Debug|Any CPU
		{12DC3ACF-1E41-4B27-88A2-7FE6D7832CD8}.Debug|x64.Build.0 = Debug|Any CPU
		{12DC3ACF-1E41-4B27-88A2-7FE6D7832CD8}.Debug|x86.ActiveCfg = Debug|Any CPU
		{12DC3ACF-1E41-4B27-88A2-7FE6D7832CD8}.Debug|x86.Build.0 = Debug|Any CPU
		{12DC3ACF-1E41-4B27-88A2-7FE6D7832CD8}.Release|Any CPU.ActiveCfg = Release|Any CPU
		{12DC3ACF-1E41-4B27-88A2-7FE6D7832CD8}.Release|Any CPU.Build.0 = Release|Any CPU
		{12DC3ACF-1E41-4B27-88A2-7FE6D7832CD8}.Release|ARM.ActiveCfg = Release|Any CPU
		{12DC3ACF-1E41-4B27-88A2-7FE6D7832CD8}.Release|ARM.Build.0 = Release|Any CPU
		{12DC3ACF-1E41-4B27-88A2-7FE6D7832CD8}.Release|iPhone.ActiveCfg = Release|Any CPU
		{12DC3ACF-1E41-4B27-88A2-7FE6D7832CD8}.Release|iPhone.Build.0 = Release|Any CPU
		{12DC3ACF-1E41-4B27-88A2-7FE6D7832CD8}.Release|iPhoneSimulator.ActiveCfg = Release|Any CPU
		{12DC3ACF-1E41-4B27-88A2-7FE6D7832CD8}.Release|iPhoneSimulator.Build.0 = Release|Any CPU
		{12DC3ACF-1E41-4B27-88A2-7FE6D7832CD8}.Release|x64.ActiveCfg = Release|Any CPU
		{12DC3ACF-1E41-4B27-88A2-7FE6D7832CD8}.Release|x64.Build.0 = Release|Any CPU
		{12DC3ACF-1E41-4B27-88A2-7FE6D7832CD8}.Release|x86.ActiveCfg = Release|Any CPU
		{12DC3ACF-1E41-4B27-88A2-7FE6D7832CD8}.Release|x86.Build.0 = Release|Any CPU
		{12DC3ACF-1E41-4B27-88A2-7FE6D7832CD8}.Release-Xml|Any CPU.ActiveCfg = Release|Any CPU
		{12DC3ACF-1E41-4B27-88A2-7FE6D7832CD8}.Release-Xml|Any CPU.Build.0 = Release|Any CPU
		{12DC3ACF-1E41-4B27-88A2-7FE6D7832CD8}.Release-Xml|ARM.ActiveCfg = Release|Any CPU
		{12DC3ACF-1E41-4B27-88A2-7FE6D7832CD8}.Release-Xml|ARM.Build.0 = Release|Any CPU
		{12DC3ACF-1E41-4B27-88A2-7FE6D7832CD8}.Release-Xml|iPhone.ActiveCfg = Release|Any CPU
		{12DC3ACF-1E41-4B27-88A2-7FE6D7832CD8}.Release-Xml|iPhone.Build.0 = Release|Any CPU
		{12DC3ACF-1E41-4B27-88A2-7FE6D7832CD8}.Release-Xml|iPhoneSimulator.ActiveCfg = Release|Any CPU
		{12DC3ACF-1E41-4B27-88A2-7FE6D7832CD8}.Release-Xml|iPhoneSimulator.Build.0 = Release|Any CPU
		{12DC3ACF-1E41-4B27-88A2-7FE6D7832CD8}.Release-Xml|x64.ActiveCfg = Release|Any CPU
		{12DC3ACF-1E41-4B27-88A2-7FE6D7832CD8}.Release-Xml|x64.Build.0 = Release|Any CPU
		{12DC3ACF-1E41-4B27-88A2-7FE6D7832CD8}.Release-Xml|x86.ActiveCfg = Release|Any CPU
		{12DC3ACF-1E41-4B27-88A2-7FE6D7832CD8}.Release-Xml|x86.Build.0 = Release|Any CPU
		{616A81D2-87F0-4CA3-B0A8-504D5D4B01B7}.Ad-Hoc|Any CPU.ActiveCfg = Release|Any CPU
		{616A81D2-87F0-4CA3-B0A8-504D5D4B01B7}.Ad-Hoc|Any CPU.Build.0 = Release|Any CPU
		{616A81D2-87F0-4CA3-B0A8-504D5D4B01B7}.Ad-Hoc|Any CPU.Deploy.0 = Release|Any CPU
		{616A81D2-87F0-4CA3-B0A8-504D5D4B01B7}.Ad-Hoc|ARM.ActiveCfg = Release|Any CPU
		{616A81D2-87F0-4CA3-B0A8-504D5D4B01B7}.Ad-Hoc|ARM.Build.0 = Release|Any CPU
		{616A81D2-87F0-4CA3-B0A8-504D5D4B01B7}.Ad-Hoc|ARM.Deploy.0 = Release|Any CPU
		{616A81D2-87F0-4CA3-B0A8-504D5D4B01B7}.Ad-Hoc|iPhone.ActiveCfg = Release|Any CPU
		{616A81D2-87F0-4CA3-B0A8-504D5D4B01B7}.Ad-Hoc|iPhone.Build.0 = Release|Any CPU
		{616A81D2-87F0-4CA3-B0A8-504D5D4B01B7}.Ad-Hoc|iPhone.Deploy.0 = Release|Any CPU
		{616A81D2-87F0-4CA3-B0A8-504D5D4B01B7}.Ad-Hoc|iPhoneSimulator.ActiveCfg = Release|Any CPU
		{616A81D2-87F0-4CA3-B0A8-504D5D4B01B7}.Ad-Hoc|iPhoneSimulator.Build.0 = Release|Any CPU
		{616A81D2-87F0-4CA3-B0A8-504D5D4B01B7}.Ad-Hoc|iPhoneSimulator.Deploy.0 = Release|Any CPU
		{616A81D2-87F0-4CA3-B0A8-504D5D4B01B7}.Ad-Hoc|x64.ActiveCfg = Release|Any CPU
		{616A81D2-87F0-4CA3-B0A8-504D5D4B01B7}.Ad-Hoc|x64.Build.0 = Release|Any CPU
		{616A81D2-87F0-4CA3-B0A8-504D5D4B01B7}.Ad-Hoc|x64.Deploy.0 = Release|Any CPU
		{616A81D2-87F0-4CA3-B0A8-504D5D4B01B7}.Ad-Hoc|x86.ActiveCfg = Release|Any CPU
		{616A81D2-87F0-4CA3-B0A8-504D5D4B01B7}.Ad-Hoc|x86.Build.0 = Release|Any CPU
		{616A81D2-87F0-4CA3-B0A8-504D5D4B01B7}.Ad-Hoc|x86.Deploy.0 = Release|Any CPU
		{616A81D2-87F0-4CA3-B0A8-504D5D4B01B7}.AppStore|Any CPU.ActiveCfg = Release|Any CPU
		{616A81D2-87F0-4CA3-B0A8-504D5D4B01B7}.AppStore|Any CPU.Build.0 = Release|Any CPU
		{616A81D2-87F0-4CA3-B0A8-504D5D4B01B7}.AppStore|Any CPU.Deploy.0 = Release|Any CPU
		{616A81D2-87F0-4CA3-B0A8-504D5D4B01B7}.AppStore|ARM.ActiveCfg = Release|Any CPU
		{616A81D2-87F0-4CA3-B0A8-504D5D4B01B7}.AppStore|ARM.Build.0 = Release|Any CPU
		{616A81D2-87F0-4CA3-B0A8-504D5D4B01B7}.AppStore|ARM.Deploy.0 = Release|Any CPU
		{616A81D2-87F0-4CA3-B0A8-504D5D4B01B7}.AppStore|iPhone.ActiveCfg = Release|Any CPU
		{616A81D2-87F0-4CA3-B0A8-504D5D4B01B7}.AppStore|iPhone.Build.0 = Release|Any CPU
		{616A81D2-87F0-4CA3-B0A8-504D5D4B01B7}.AppStore|iPhone.Deploy.0 = Release|Any CPU
		{616A81D2-87F0-4CA3-B0A8-504D5D4B01B7}.AppStore|iPhoneSimulator.ActiveCfg = Release|Any CPU
		{616A81D2-87F0-4CA3-B0A8-504D5D4B01B7}.AppStore|iPhoneSimulator.Build.0 = Release|Any CPU
		{616A81D2-87F0-4CA3-B0A8-504D5D4B01B7}.AppStore|iPhoneSimulator.Deploy.0 = Release|Any CPU
		{616A81D2-87F0-4CA3-B0A8-504D5D4B01B7}.AppStore|x64.ActiveCfg = Release|Any CPU
		{616A81D2-87F0-4CA3-B0A8-504D5D4B01B7}.AppStore|x64.Build.0 = Release|Any CPU
		{616A81D2-87F0-4CA3-B0A8-504D5D4B01B7}.AppStore|x64.Deploy.0 = Release|Any CPU
		{616A81D2-87F0-4CA3-B0A8-504D5D4B01B7}.AppStore|x86.ActiveCfg = Release|Any CPU
		{616A81D2-87F0-4CA3-B0A8-504D5D4B01B7}.AppStore|x86.Build.0 = Release|Any CPU
		{616A81D2-87F0-4CA3-B0A8-504D5D4B01B7}.AppStore|x86.Deploy.0 = Release|Any CPU
		{616A81D2-87F0-4CA3-B0A8-504D5D4B01B7}.Debug|Any CPU.ActiveCfg = Debug|Any CPU
		{616A81D2-87F0-4CA3-B0A8-504D5D4B01B7}.Debug|Any CPU.Build.0 = Debug|Any CPU
		{616A81D2-87F0-4CA3-B0A8-504D5D4B01B7}.Debug|Any CPU.Deploy.0 = Debug|Any CPU
		{616A81D2-87F0-4CA3-B0A8-504D5D4B01B7}.Debug|ARM.ActiveCfg = Debug|Any CPU
		{616A81D2-87F0-4CA3-B0A8-504D5D4B01B7}.Debug|ARM.Build.0 = Debug|Any CPU
		{616A81D2-87F0-4CA3-B0A8-504D5D4B01B7}.Debug|ARM.Deploy.0 = Debug|Any CPU
		{616A81D2-87F0-4CA3-B0A8-504D5D4B01B7}.Debug|iPhone.ActiveCfg = Debug|Any CPU
		{616A81D2-87F0-4CA3-B0A8-504D5D4B01B7}.Debug|iPhone.Build.0 = Debug|Any CPU
		{616A81D2-87F0-4CA3-B0A8-504D5D4B01B7}.Debug|iPhone.Deploy.0 = Debug|Any CPU
		{616A81D2-87F0-4CA3-B0A8-504D5D4B01B7}.Debug|iPhoneSimulator.ActiveCfg = Debug|Any CPU
		{616A81D2-87F0-4CA3-B0A8-504D5D4B01B7}.Debug|iPhoneSimulator.Build.0 = Debug|Any CPU
		{616A81D2-87F0-4CA3-B0A8-504D5D4B01B7}.Debug|iPhoneSimulator.Deploy.0 = Debug|Any CPU
		{616A81D2-87F0-4CA3-B0A8-504D5D4B01B7}.Debug|x64.ActiveCfg = Debug|Any CPU
		{616A81D2-87F0-4CA3-B0A8-504D5D4B01B7}.Debug|x64.Build.0 = Debug|Any CPU
		{616A81D2-87F0-4CA3-B0A8-504D5D4B01B7}.Debug|x64.Deploy.0 = Debug|Any CPU
		{616A81D2-87F0-4CA3-B0A8-504D5D4B01B7}.Debug|x86.ActiveCfg = Debug|Any CPU
		{616A81D2-87F0-4CA3-B0A8-504D5D4B01B7}.Debug|x86.Build.0 = Debug|Any CPU
		{616A81D2-87F0-4CA3-B0A8-504D5D4B01B7}.Debug|x86.Deploy.0 = Debug|Any CPU
		{616A81D2-87F0-4CA3-B0A8-504D5D4B01B7}.Release|Any CPU.ActiveCfg = Release|Any CPU
		{616A81D2-87F0-4CA3-B0A8-504D5D4B01B7}.Release|Any CPU.Build.0 = Release|Any CPU
		{616A81D2-87F0-4CA3-B0A8-504D5D4B01B7}.Release|Any CPU.Deploy.0 = Release|Any CPU
		{616A81D2-87F0-4CA3-B0A8-504D5D4B01B7}.Release|ARM.ActiveCfg = Release|Any CPU
		{616A81D2-87F0-4CA3-B0A8-504D5D4B01B7}.Release|ARM.Build.0 = Release|Any CPU
		{616A81D2-87F0-4CA3-B0A8-504D5D4B01B7}.Release|ARM.Deploy.0 = Release|Any CPU
		{616A81D2-87F0-4CA3-B0A8-504D5D4B01B7}.Release|iPhone.ActiveCfg = Release|Any CPU
		{616A81D2-87F0-4CA3-B0A8-504D5D4B01B7}.Release|iPhone.Build.0 = Release|Any CPU
		{616A81D2-87F0-4CA3-B0A8-504D5D4B01B7}.Release|iPhone.Deploy.0 = Release|Any CPU
		{616A81D2-87F0-4CA3-B0A8-504D5D4B01B7}.Release|iPhoneSimulator.ActiveCfg = Release|Any CPU
		{616A81D2-87F0-4CA3-B0A8-504D5D4B01B7}.Release|iPhoneSimulator.Build.0 = Release|Any CPU
		{616A81D2-87F0-4CA3-B0A8-504D5D4B01B7}.Release|iPhoneSimulator.Deploy.0 = Release|Any CPU
		{616A81D2-87F0-4CA3-B0A8-504D5D4B01B7}.Release|x64.ActiveCfg = Release|Any CPU
		{616A81D2-87F0-4CA3-B0A8-504D5D4B01B7}.Release|x64.Build.0 = Release|Any CPU
		{616A81D2-87F0-4CA3-B0A8-504D5D4B01B7}.Release|x64.Deploy.0 = Release|Any CPU
		{616A81D2-87F0-4CA3-B0A8-504D5D4B01B7}.Release|x86.ActiveCfg = Release|Any CPU
		{616A81D2-87F0-4CA3-B0A8-504D5D4B01B7}.Release|x86.Build.0 = Release|Any CPU
		{616A81D2-87F0-4CA3-B0A8-504D5D4B01B7}.Release|x86.Deploy.0 = Release|Any CPU
		{616A81D2-87F0-4CA3-B0A8-504D5D4B01B7}.Release-Xml|Any CPU.ActiveCfg = Release|Any CPU
		{616A81D2-87F0-4CA3-B0A8-504D5D4B01B7}.Release-Xml|ARM.ActiveCfg = Release|Any CPU
		{616A81D2-87F0-4CA3-B0A8-504D5D4B01B7}.Release-Xml|iPhone.ActiveCfg = Release|Any CPU
		{616A81D2-87F0-4CA3-B0A8-504D5D4B01B7}.Release-Xml|iPhoneSimulator.ActiveCfg = Release|Any CPU
		{616A81D2-87F0-4CA3-B0A8-504D5D4B01B7}.Release-Xml|x64.ActiveCfg = Release|Any CPU
		{616A81D2-87F0-4CA3-B0A8-504D5D4B01B7}.Release-Xml|x86.ActiveCfg = Release|Any CPU
		{E6AEBE58-56C3-4E74-8729-9BA14954A15D}.Ad-Hoc|Any CPU.ActiveCfg = Ad-Hoc|iPhone
		{E6AEBE58-56C3-4E74-8729-9BA14954A15D}.Ad-Hoc|ARM.ActiveCfg = Ad-Hoc|iPhone
		{E6AEBE58-56C3-4E74-8729-9BA14954A15D}.Ad-Hoc|iPhone.ActiveCfg = Ad-Hoc|iPhone
		{E6AEBE58-56C3-4E74-8729-9BA14954A15D}.Ad-Hoc|iPhone.Build.0 = Ad-Hoc|iPhone
		{E6AEBE58-56C3-4E74-8729-9BA14954A15D}.Ad-Hoc|iPhoneSimulator.ActiveCfg = Ad-Hoc|iPhoneSimulator
		{E6AEBE58-56C3-4E74-8729-9BA14954A15D}.Ad-Hoc|iPhoneSimulator.Build.0 = Ad-Hoc|iPhoneSimulator
		{E6AEBE58-56C3-4E74-8729-9BA14954A15D}.Ad-Hoc|x64.ActiveCfg = Ad-Hoc|iPhone
		{E6AEBE58-56C3-4E74-8729-9BA14954A15D}.Ad-Hoc|x86.ActiveCfg = Ad-Hoc|iPhone
		{E6AEBE58-56C3-4E74-8729-9BA14954A15D}.AppStore|Any CPU.ActiveCfg = AppStore|iPhone
		{E6AEBE58-56C3-4E74-8729-9BA14954A15D}.AppStore|ARM.ActiveCfg = AppStore|iPhone
		{E6AEBE58-56C3-4E74-8729-9BA14954A15D}.AppStore|iPhone.ActiveCfg = AppStore|iPhone
		{E6AEBE58-56C3-4E74-8729-9BA14954A15D}.AppStore|iPhone.Build.0 = AppStore|iPhone
		{E6AEBE58-56C3-4E74-8729-9BA14954A15D}.AppStore|iPhoneSimulator.ActiveCfg = AppStore|iPhoneSimulator
		{E6AEBE58-56C3-4E74-8729-9BA14954A15D}.AppStore|iPhoneSimulator.Build.0 = AppStore|iPhoneSimulator
		{E6AEBE58-56C3-4E74-8729-9BA14954A15D}.AppStore|x64.ActiveCfg = AppStore|iPhone
		{E6AEBE58-56C3-4E74-8729-9BA14954A15D}.AppStore|x86.ActiveCfg = AppStore|iPhone
		{E6AEBE58-56C3-4E74-8729-9BA14954A15D}.Debug|Any CPU.ActiveCfg = Debug|iPhone
		{E6AEBE58-56C3-4E74-8729-9BA14954A15D}.Debug|ARM.ActiveCfg = Debug|iPhone
		{E6AEBE58-56C3-4E74-8729-9BA14954A15D}.Debug|iPhone.ActiveCfg = Debug|iPhone
		{E6AEBE58-56C3-4E74-8729-9BA14954A15D}.Debug|iPhone.Build.0 = Debug|iPhone
		{E6AEBE58-56C3-4E74-8729-9BA14954A15D}.Debug|iPhoneSimulator.ActiveCfg = Debug|iPhoneSimulator
		{E6AEBE58-56C3-4E74-8729-9BA14954A15D}.Debug|iPhoneSimulator.Build.0 = Debug|iPhoneSimulator
		{E6AEBE58-56C3-4E74-8729-9BA14954A15D}.Debug|x64.ActiveCfg = Debug|iPhone
		{E6AEBE58-56C3-4E74-8729-9BA14954A15D}.Debug|x86.ActiveCfg = Debug|iPhone
		{E6AEBE58-56C3-4E74-8729-9BA14954A15D}.Release|Any CPU.ActiveCfg = Release|iPhone
		{E6AEBE58-56C3-4E74-8729-9BA14954A15D}.Release|ARM.ActiveCfg = Release|iPhone
		{E6AEBE58-56C3-4E74-8729-9BA14954A15D}.Release|iPhone.ActiveCfg = Release|iPhone
		{E6AEBE58-56C3-4E74-8729-9BA14954A15D}.Release|iPhone.Build.0 = Release|iPhone
		{E6AEBE58-56C3-4E74-8729-9BA14954A15D}.Release|iPhoneSimulator.ActiveCfg = Release|iPhoneSimulator
		{E6AEBE58-56C3-4E74-8729-9BA14954A15D}.Release|iPhoneSimulator.Build.0 = Release|iPhoneSimulator
		{E6AEBE58-56C3-4E74-8729-9BA14954A15D}.Release|x64.ActiveCfg = Release|iPhone
		{E6AEBE58-56C3-4E74-8729-9BA14954A15D}.Release|x86.ActiveCfg = Release|iPhone
		{E6AEBE58-56C3-4E74-8729-9BA14954A15D}.Release-Xml|Any CPU.ActiveCfg = Release|iPhoneSimulator
		{E6AEBE58-56C3-4E74-8729-9BA14954A15D}.Release-Xml|ARM.ActiveCfg = Release|iPhoneSimulator
		{E6AEBE58-56C3-4E74-8729-9BA14954A15D}.Release-Xml|iPhone.ActiveCfg = Release|iPhone
		{E6AEBE58-56C3-4E74-8729-9BA14954A15D}.Release-Xml|iPhoneSimulator.ActiveCfg = Release|iPhoneSimulator
		{E6AEBE58-56C3-4E74-8729-9BA14954A15D}.Release-Xml|x64.ActiveCfg = Release|iPhoneSimulator
		{E6AEBE58-56C3-4E74-8729-9BA14954A15D}.Release-Xml|x86.ActiveCfg = Release|iPhoneSimulator
		{FB79E415-C80B-4051-A435-513FF3734015}.Ad-Hoc|Any CPU.ActiveCfg = Release|x86
		{FB79E415-C80B-4051-A435-513FF3734015}.Ad-Hoc|Any CPU.Build.0 = Release|x86
		{FB79E415-C80B-4051-A435-513FF3734015}.Ad-Hoc|Any CPU.Deploy.0 = Release|x86
		{FB79E415-C80B-4051-A435-513FF3734015}.Ad-Hoc|ARM.ActiveCfg = Release|ARM
		{FB79E415-C80B-4051-A435-513FF3734015}.Ad-Hoc|ARM.Build.0 = Release|ARM
		{FB79E415-C80B-4051-A435-513FF3734015}.Ad-Hoc|ARM.Deploy.0 = Release|ARM
		{FB79E415-C80B-4051-A435-513FF3734015}.Ad-Hoc|iPhone.ActiveCfg = Release|x86
		{FB79E415-C80B-4051-A435-513FF3734015}.Ad-Hoc|iPhone.Build.0 = Release|x86
		{FB79E415-C80B-4051-A435-513FF3734015}.Ad-Hoc|iPhone.Deploy.0 = Release|x86
		{FB79E415-C80B-4051-A435-513FF3734015}.Ad-Hoc|iPhoneSimulator.ActiveCfg = Release|x86
		{FB79E415-C80B-4051-A435-513FF3734015}.Ad-Hoc|iPhoneSimulator.Build.0 = Release|x86
		{FB79E415-C80B-4051-A435-513FF3734015}.Ad-Hoc|iPhoneSimulator.Deploy.0 = Release|x86
		{FB79E415-C80B-4051-A435-513FF3734015}.Ad-Hoc|x64.ActiveCfg = Release|x64
		{FB79E415-C80B-4051-A435-513FF3734015}.Ad-Hoc|x64.Build.0 = Release|x64
		{FB79E415-C80B-4051-A435-513FF3734015}.Ad-Hoc|x64.Deploy.0 = Release|x64
		{FB79E415-C80B-4051-A435-513FF3734015}.Ad-Hoc|x86.ActiveCfg = Release|x86
		{FB79E415-C80B-4051-A435-513FF3734015}.Ad-Hoc|x86.Build.0 = Release|x86
		{FB79E415-C80B-4051-A435-513FF3734015}.Ad-Hoc|x86.Deploy.0 = Release|x86
		{FB79E415-C80B-4051-A435-513FF3734015}.AppStore|Any CPU.ActiveCfg = Release|x86
		{FB79E415-C80B-4051-A435-513FF3734015}.AppStore|Any CPU.Build.0 = Release|x86
		{FB79E415-C80B-4051-A435-513FF3734015}.AppStore|Any CPU.Deploy.0 = Release|x86
		{FB79E415-C80B-4051-A435-513FF3734015}.AppStore|ARM.ActiveCfg = Release|ARM
		{FB79E415-C80B-4051-A435-513FF3734015}.AppStore|ARM.Build.0 = Release|ARM
		{FB79E415-C80B-4051-A435-513FF3734015}.AppStore|ARM.Deploy.0 = Release|ARM
		{FB79E415-C80B-4051-A435-513FF3734015}.AppStore|iPhone.ActiveCfg = Release|x86
		{FB79E415-C80B-4051-A435-513FF3734015}.AppStore|iPhone.Build.0 = Release|x86
		{FB79E415-C80B-4051-A435-513FF3734015}.AppStore|iPhone.Deploy.0 = Release|x86
		{FB79E415-C80B-4051-A435-513FF3734015}.AppStore|iPhoneSimulator.ActiveCfg = Release|x86
		{FB79E415-C80B-4051-A435-513FF3734015}.AppStore|iPhoneSimulator.Build.0 = Release|x86
		{FB79E415-C80B-4051-A435-513FF3734015}.AppStore|iPhoneSimulator.Deploy.0 = Release|x86
		{FB79E415-C80B-4051-A435-513FF3734015}.AppStore|x64.ActiveCfg = Release|x64
		{FB79E415-C80B-4051-A435-513FF3734015}.AppStore|x64.Build.0 = Release|x64
		{FB79E415-C80B-4051-A435-513FF3734015}.AppStore|x64.Deploy.0 = Release|x64
		{FB79E415-C80B-4051-A435-513FF3734015}.AppStore|x86.ActiveCfg = Release|x86
		{FB79E415-C80B-4051-A435-513FF3734015}.AppStore|x86.Build.0 = Release|x86
		{FB79E415-C80B-4051-A435-513FF3734015}.AppStore|x86.Deploy.0 = Release|x86
		{FB79E415-C80B-4051-A435-513FF3734015}.Debug|Any CPU.ActiveCfg = Debug|x86
		{FB79E415-C80B-4051-A435-513FF3734015}.Debug|Any CPU.Build.0 = Debug|x86
		{FB79E415-C80B-4051-A435-513FF3734015}.Debug|Any CPU.Deploy.0 = Debug|x86
		{FB79E415-C80B-4051-A435-513FF3734015}.Debug|ARM.ActiveCfg = Debug|ARM
		{FB79E415-C80B-4051-A435-513FF3734015}.Debug|ARM.Build.0 = Debug|ARM
		{FB79E415-C80B-4051-A435-513FF3734015}.Debug|ARM.Deploy.0 = Debug|ARM
		{FB79E415-C80B-4051-A435-513FF3734015}.Debug|iPhone.ActiveCfg = Debug|x86
		{FB79E415-C80B-4051-A435-513FF3734015}.Debug|iPhoneSimulator.ActiveCfg = Debug|x86
		{FB79E415-C80B-4051-A435-513FF3734015}.Debug|x64.ActiveCfg = Debug|x64
		{FB79E415-C80B-4051-A435-513FF3734015}.Debug|x64.Build.0 = Debug|x64
		{FB79E415-C80B-4051-A435-513FF3734015}.Debug|x64.Deploy.0 = Debug|x64
		{FB79E415-C80B-4051-A435-513FF3734015}.Debug|x86.ActiveCfg = Debug|x86
		{FB79E415-C80B-4051-A435-513FF3734015}.Debug|x86.Build.0 = Debug|x86
		{FB79E415-C80B-4051-A435-513FF3734015}.Debug|x86.Deploy.0 = Debug|x86
		{FB79E415-C80B-4051-A435-513FF3734015}.Release|Any CPU.ActiveCfg = Release|x86
		{FB79E415-C80B-4051-A435-513FF3734015}.Release|ARM.ActiveCfg = Release|ARM
		{FB79E415-C80B-4051-A435-513FF3734015}.Release|ARM.Build.0 = Release|ARM
		{FB79E415-C80B-4051-A435-513FF3734015}.Release|ARM.Deploy.0 = Release|ARM
		{FB79E415-C80B-4051-A435-513FF3734015}.Release|iPhone.ActiveCfg = Release|x86
		{FB79E415-C80B-4051-A435-513FF3734015}.Release|iPhoneSimulator.ActiveCfg = Release|x86
		{FB79E415-C80B-4051-A435-513FF3734015}.Release|x64.ActiveCfg = Release|x64
		{FB79E415-C80B-4051-A435-513FF3734015}.Release|x64.Build.0 = Release|x64
		{FB79E415-C80B-4051-A435-513FF3734015}.Release|x64.Deploy.0 = Release|x64
		{FB79E415-C80B-4051-A435-513FF3734015}.Release|x86.ActiveCfg = Release|x86
		{FB79E415-C80B-4051-A435-513FF3734015}.Release|x86.Build.0 = Release|x86
		{FB79E415-C80B-4051-A435-513FF3734015}.Release|x86.Deploy.0 = Release|x86
		{FB79E415-C80B-4051-A435-513FF3734015}.Release-Xml|Any CPU.ActiveCfg = Debug|x64
		{FB79E415-C80B-4051-A435-513FF3734015}.Release-Xml|Any CPU.Build.0 = Debug|x64
		{FB79E415-C80B-4051-A435-513FF3734015}.Release-Xml|Any CPU.Deploy.0 = Debug|x64
		{FB79E415-C80B-4051-A435-513FF3734015}.Release-Xml|ARM.ActiveCfg = Release|ARM
		{FB79E415-C80B-4051-A435-513FF3734015}.Release-Xml|ARM.Build.0 = Release|ARM
		{FB79E415-C80B-4051-A435-513FF3734015}.Release-Xml|ARM.Deploy.0 = Release|ARM
		{FB79E415-C80B-4051-A435-513FF3734015}.Release-Xml|iPhone.ActiveCfg = Debug|x64
		{FB79E415-C80B-4051-A435-513FF3734015}.Release-Xml|iPhone.Build.0 = Debug|x64
		{FB79E415-C80B-4051-A435-513FF3734015}.Release-Xml|iPhone.Deploy.0 = Debug|x64
		{FB79E415-C80B-4051-A435-513FF3734015}.Release-Xml|iPhoneSimulator.ActiveCfg = Debug|x64
		{FB79E415-C80B-4051-A435-513FF3734015}.Release-Xml|iPhoneSimulator.Build.0 = Debug|x64
		{FB79E415-C80B-4051-A435-513FF3734015}.Release-Xml|iPhoneSimulator.Deploy.0 = Debug|x64
		{FB79E415-C80B-4051-A435-513FF3734015}.Release-Xml|x64.ActiveCfg = Release|x64
		{FB79E415-C80B-4051-A435-513FF3734015}.Release-Xml|x64.Build.0 = Release|x64
		{FB79E415-C80B-4051-A435-513FF3734015}.Release-Xml|x64.Deploy.0 = Release|x64
		{FB79E415-C80B-4051-A435-513FF3734015}.Release-Xml|x86.ActiveCfg = Release|x86
		{FB79E415-C80B-4051-A435-513FF3734015}.Release-Xml|x86.Build.0 = Release|x86
		{FB79E415-C80B-4051-A435-513FF3734015}.Release-Xml|x86.Deploy.0 = Release|x86
	EndGlobalSection
	GlobalSection(SolutionProperties) = preSolution
		HideSolutionNode = FALSE
	EndGlobalSection
EndGlobal
