
Microsoft Visual Studio Solution File, Format Version 12.00
# Visual Studio 14
VisualStudioVersion = 14.0.24720.0
MinimumVisualStudioVersion = 10.0.40219.1
Project("{FAE04EC0-301F-11D3-BF4B-00C04F79EFBC}") = "ChartGettingStarted", "ChartGettingStarted\ChartGettingStarted\ChartGettingStarted.csproj", "{6FA72E1F-64C5-4108-AC09-83BD2D9B5850}"
EndProject
Project("{FAE04EC0-301F-11D3-BF4B-00C04F79EFBC}") = "ChartGettingStarted.Droid", "ChartGettingStarted\ChartGettingStarted.Droid\ChartGettingStarted.Droid.csproj", "{5440C80F-54B1-4210-BA00-07BACB037C0F}"
EndProject
Project("{FAE04EC0-301F-11D3-BF4B-00C04F79EFBC}") = "ChartGettingStarted.iOS", "ChartGettingStarted\ChartGettingStarted.iOS\ChartGettingStarted.iOS.csproj", "{7F26FCB8-71CB-4A61-B939-6A714D1E1277}"
EndProject
Project("{FAE04EC0-301F-11D3-BF4B-00C04F79EFBC}") = "ChartGettingStarted.UWP", "ChartGettingStarted\ChartGettingStarted.UWP\ChartGettingStarted.UWP.csproj", "{1F415D99-81AC-4BB8-BDC1-73ACE5F268A8}"
EndProject
Global
	GlobalSection(SolutionConfigurationPlatforms) = preSolution
		Ad-Hoc|Any CPU = Ad-Hoc|Any CPU
		Ad-Hoc|ARM = Ad-Hoc|ARM
		Ad-Hoc|iPhone = Ad-Hoc|iPhone
		Ad-Hoc|iPhoneSimulator = Ad-Hoc|iPhoneSimulator
		Ad-Hoc|x64 = Ad-Hoc|x64
		Ad-Hoc|x86 = Ad-Hoc|x86
		AppStore|Any CPU = AppStore|Any CPU
		AppStore|ARM = AppStore|ARM
		AppStore|iPhone = AppStore|iPhone
		AppStore|iPhoneSimulator = AppStore|iPhoneSimulator
		AppStore|x64 = AppStore|x64
		AppStore|x86 = AppStore|x86
		Debug|Any CPU = Debug|Any CPU
		Debug|ARM = Debug|ARM
		Debug|iPhone = Debug|iPhone
		Debug|iPhoneSimulator = Debug|iPhoneSimulator
		Debug|x64 = Debug|x64
		Debug|x86 = Debug|x86
		Release|Any CPU = Release|Any CPU
		Release|ARM = Release|ARM
		Release|iPhone = Release|iPhone
		Release|iPhoneSimulator = Release|iPhoneSimulator
		Release|x64 = Release|x64
		Release|x86 = Release|x86
	EndGlobalSection
	GlobalSection(ProjectConfigurationPlatforms) = postSolution
		{6FA72E1F-64C5-4108-AC09-83BD2D9B5850}.Ad-Hoc|Any CPU.ActiveCfg = Release|Any CPU
		{6FA72E1F-64C5-4108-AC09-83BD2D9B5850}.Ad-Hoc|Any CPU.Build.0 = Release|Any CPU
		{6FA72E1F-64C5-4108-AC09-83BD2D9B5850}.Ad-Hoc|ARM.ActiveCfg = Release|Any CPU
		{6FA72E1F-64C5-4108-AC09-83BD2D9B5850}.Ad-Hoc|ARM.Build.0 = Release|Any CPU
		{6FA72E1F-64C5-4108-AC09-83BD2D9B5850}.Ad-Hoc|iPhone.ActiveCfg = Release|Any CPU
		{6FA72E1F-64C5-4108-AC09-83BD2D9B5850}.Ad-Hoc|iPhone.Build.0 = Release|Any CPU
		{6FA72E1F-64C5-4108-AC09-83BD2D9B5850}.Ad-Hoc|iPhoneSimulator.ActiveCfg = Release|Any CPU
		{6FA72E1F-64C5-4108-AC09-83BD2D9B5850}.Ad-Hoc|iPhoneSimulator.Build.0 = Release|Any CPU
		{6FA72E1F-64C5-4108-AC09-83BD2D9B5850}.Ad-Hoc|x64.ActiveCfg = Release|Any CPU
		{6FA72E1F-64C5-4108-AC09-83BD2D9B5850}.Ad-Hoc|x64.Build.0 = Release|Any CPU
		{6FA72E1F-64C5-4108-AC09-83BD2D9B5850}.Ad-Hoc|x86.ActiveCfg = Release|Any CPU
		{6FA72E1F-64C5-4108-AC09-83BD2D9B5850}.Ad-Hoc|x86.Build.0 = Release|Any CPU
		{6FA72E1F-64C5-4108-AC09-83BD2D9B5850}.AppStore|Any CPU.ActiveCfg = Release|Any CPU
		{6FA72E1F-64C5-4108-AC09-83BD2D9B5850}.AppStore|Any CPU.Build.0 = Release|Any CPU
		{6FA72E1F-64C5-4108-AC09-83BD2D9B5850}.AppStore|ARM.ActiveCfg = Release|Any CPU
		{6FA72E1F-64C5-4108-AC09-83BD2D9B5850}.AppStore|ARM.Build.0 = Release|Any CPU
		{6FA72E1F-64C5-4108-AC09-83BD2D9B5850}.AppStore|iPhone.ActiveCfg = Release|Any CPU
		{6FA72E1F-64C5-4108-AC09-83BD2D9B5850}.AppStore|iPhone.Build.0 = Release|Any CPU
		{6FA72E1F-64C5-4108-AC09-83BD2D9B5850}.AppStore|iPhoneSimulator.ActiveCfg = Release|Any CPU
		{6FA72E1F-64C5-4108-AC09-83BD2D9B5850}.AppStore|iPhoneSimulator.Build.0 = Release|Any CPU
		{6FA72E1F-64C5-4108-AC09-83BD2D9B5850}.AppStore|x64.ActiveCfg = Release|Any CPU
		{6FA72E1F-64C5-4108-AC09-83BD2D9B5850}.AppStore|x64.Build.0 = Release|Any CPU
		{6FA72E1F-64C5-4108-AC09-83BD2D9B5850}.AppStore|x86.ActiveCfg = Release|Any CPU
		{6FA72E1F-64C5-4108-AC09-83BD2D9B5850}.AppStore|x86.Build.0 = Release|Any CPU
		{6FA72E1F-64C5-4108-AC09-83BD2D9B5850}.Debug|Any CPU.ActiveCfg = Debug|Any CPU
		{6FA72E1F-64C5-4108-AC09-83BD2D9B5850}.Debug|Any CPU.Build.0 = Debug|Any CPU
		{6FA72E1F-64C5-4108-AC09-83BD2D9B5850}.Debug|ARM.ActiveCfg = Debug|Any CPU
		{6FA72E1F-64C5-4108-AC09-83BD2D9B5850}.Debug|ARM.Build.0 = Debug|Any CPU
		{6FA72E1F-64C5-4108-AC09-83BD2D9B5850}.Debug|iPhone.ActiveCfg = Debug|Any CPU
		{6FA72E1F-64C5-4108-AC09-83BD2D9B5850}.Debug|iPhone.Build.0 = Debug|Any CPU
		{6FA72E1F-64C5-4108-AC09-83BD2D9B5850}.Debug|iPhoneSimulator.ActiveCfg = Debug|Any CPU
		{6FA72E1F-64C5-4108-AC09-83BD2D9B5850}.Debug|iPhoneSimulator.Build.0 = Debug|Any CPU
		{6FA72E1F-64C5-4108-AC09-83BD2D9B5850}.Debug|x64.ActiveCfg = Debug|Any CPU
		{6FA72E1F-64C5-4108-AC09-83BD2D9B5850}.Debug|x64.Build.0 = Debug|Any CPU
		{6FA72E1F-64C5-4108-AC09-83BD2D9B5850}.Debug|x86.ActiveCfg = Debug|Any CPU
		{6FA72E1F-64C5-4108-AC09-83BD2D9B5850}.Debug|x86.Build.0 = Debug|Any CPU
		{6FA72E1F-64C5-4108-AC09-83BD2D9B5850}.Release|Any CPU.ActiveCfg = Release|Any CPU
		{6FA72E1F-64C5-4108-AC09-83BD2D9B5850}.Release|Any CPU.Build.0 = Release|Any CPU
		{6FA72E1F-64C5-4108-AC09-83BD2D9B5850}.Release|ARM.ActiveCfg = Release|Any CPU
		{6FA72E1F-64C5-4108-AC09-83BD2D9B5850}.Release|ARM.Build.0 = Release|Any CPU
		{6FA72E1F-64C5-4108-AC09-83BD2D9B5850}.Release|iPhone.ActiveCfg = Release|Any CPU
		{6FA72E1F-64C5-4108-AC09-83BD2D9B5850}.Release|iPhone.Build.0 = Release|Any CPU
		{6FA72E1F-64C5-4108-AC09-83BD2D9B5850}.Release|iPhoneSimulator.ActiveCfg = Release|Any CPU
		{6FA72E1F-64C5-4108-AC09-83BD2D9B5850}.Release|iPhoneSimulator.Build.0 = Release|Any CPU
		{6FA72E1F-64C5-4108-AC09-83BD2D9B5850}.Release|x64.ActiveCfg = Release|Any CPU
		{6FA72E1F-64C5-4108-AC09-83BD2D9B5850}.Release|x64.Build.0 = Release|Any CPU
		{6FA72E1F-64C5-4108-AC09-83BD2D9B5850}.Release|x86.ActiveCfg = Release|Any CPU
		{6FA72E1F-64C5-4108-AC09-83BD2D9B5850}.Release|x86.Build.0 = Release|Any CPU
		{5440C80F-54B1-4210-BA00-07BACB037C0F}.Ad-Hoc|Any CPU.ActiveCfg = Release|Any CPU
		{5440C80F-54B1-4210-BA00-07BACB037C0F}.Ad-Hoc|Any CPU.Build.0 = Release|Any CPU
		{5440C80F-54B1-4210-BA00-07BACB037C0F}.Ad-Hoc|Any CPU.Deploy.0 = Release|Any CPU
		{5440C80F-54B1-4210-BA00-07BACB037C0F}.Ad-Hoc|ARM.ActiveCfg = Release|Any CPU
		{5440C80F-54B1-4210-BA00-07BACB037C0F}.Ad-Hoc|ARM.Build.0 = Release|Any CPU
		{5440C80F-54B1-4210-BA00-07BACB037C0F}.Ad-Hoc|ARM.Deploy.0 = Release|Any CPU
		{5440C80F-54B1-4210-BA00-07BACB037C0F}.Ad-Hoc|iPhone.ActiveCfg = Release|Any CPU
		{5440C80F-54B1-4210-BA00-07BACB037C0F}.Ad-Hoc|iPhone.Build.0 = Release|Any CPU
		{5440C80F-54B1-4210-BA00-07BACB037C0F}.Ad-Hoc|iPhone.Deploy.0 = Release|Any CPU
		{5440C80F-54B1-4210-BA00-07BACB037C0F}.Ad-Hoc|iPhoneSimulator.ActiveCfg = Release|Any CPU
		{5440C80F-54B1-4210-BA00-07BACB037C0F}.Ad-Hoc|iPhoneSimulator.Build.0 = Release|Any CPU
		{5440C80F-54B1-4210-BA00-07BACB037C0F}.Ad-Hoc|iPhoneSimulator.Deploy.0 = Release|Any CPU
		{5440C80F-54B1-4210-BA00-07BACB037C0F}.Ad-Hoc|x64.ActiveCfg = Release|Any CPU
		{5440C80F-54B1-4210-BA00-07BACB037C0F}.Ad-Hoc|x64.Build.0 = Release|Any CPU
		{5440C80F-54B1-4210-BA00-07BACB037C0F}.Ad-Hoc|x64.Deploy.0 = Release|Any CPU
		{5440C80F-54B1-4210-BA00-07BACB037C0F}.Ad-Hoc|x86.ActiveCfg = Release|Any CPU
		{5440C80F-54B1-4210-BA00-07BACB037C0F}.Ad-Hoc|x86.Build.0 = Release|Any CPU
		{5440C80F-54B1-4210-BA00-07BACB037C0F}.Ad-Hoc|x86.Deploy.0 = Release|Any CPU
		{5440C80F-54B1-4210-BA00-07BACB037C0F}.AppStore|Any CPU.ActiveCfg = Release|Any CPU
		{5440C80F-54B1-4210-BA00-07BACB037C0F}.AppStore|Any CPU.Build.0 = Release|Any CPU
		{5440C80F-54B1-4210-BA00-07BACB037C0F}.AppStore|Any CPU.Deploy.0 = Release|Any CPU
		{5440C80F-54B1-4210-BA00-07BACB037C0F}.AppStore|ARM.ActiveCfg = Release|Any CPU
		{5440C80F-54B1-4210-BA00-07BACB037C0F}.AppStore|ARM.Build.0 = Release|Any CPU
		{5440C80F-54B1-4210-BA00-07BACB037C0F}.AppStore|ARM.Deploy.0 = Release|Any CPU
		{5440C80F-54B1-4210-BA00-07BACB037C0F}.AppStore|iPhone.ActiveCfg = Release|Any CPU
		{5440C80F-54B1-4210-BA00-07BACB037C0F}.AppStore|iPhone.Build.0 = Release|Any CPU
		{5440C80F-54B1-4210-BA00-07BACB037C0F}.AppStore|iPhone.Deploy.0 = Release|Any CPU
		{5440C80F-54B1-4210-BA00-07BACB037C0F}.AppStore|iPhoneSimulator.ActiveCfg = Release|Any CPU
		{5440C80F-54B1-4210-BA00-07BACB037C0F}.AppStore|iPhoneSimulator.Build.0 = Release|Any CPU
		{5440C80F-54B1-4210-BA00-07BACB037C0F}.AppStore|iPhoneSimulator.Deploy.0 = Release|Any CPU
		{5440C80F-54B1-4210-BA00-07BACB037C0F}.AppStore|x64.ActiveCfg = Release|Any CPU
		{5440C80F-54B1-4210-BA00-07BACB037C0F}.AppStore|x64.Build.0 = Release|Any CPU
		{5440C80F-54B1-4210-BA00-07BACB037C0F}.AppStore|x64.Deploy.0 = Release|Any CPU
		{5440C80F-54B1-4210-BA00-07BACB037C0F}.AppStore|x86.ActiveCfg = Release|Any CPU
		{5440C80F-54B1-4210-BA00-07BACB037C0F}.AppStore|x86.Build.0 = Release|Any CPU
		{5440C80F-54B1-4210-BA00-07BACB037C0F}.AppStore|x86.Deploy.0 = Release|Any CPU
		{5440C80F-54B1-4210-BA00-07BACB037C0F}.Debug|Any CPU.ActiveCfg = Debug|Any CPU
		{5440C80F-54B1-4210-BA00-07BACB037C0F}.Debug|Any CPU.Build.0 = Debug|Any CPU
		{5440C80F-54B1-4210-BA00-07BACB037C0F}.Debug|Any CPU.Deploy.0 = Debug|Any CPU
		{5440C80F-54B1-4210-BA00-07BACB037C0F}.Debug|ARM.ActiveCfg = Debug|Any CPU
		{5440C80F-54B1-4210-BA00-07BACB037C0F}.Debug|ARM.Build.0 = Debug|Any CPU
		{5440C80F-54B1-4210-BA00-07BACB037C0F}.Debug|ARM.Deploy.0 = Debug|Any CPU
		{5440C80F-54B1-4210-BA00-07BACB037C0F}.Debug|iPhone.ActiveCfg = Debug|Any CPU
		{5440C80F-54B1-4210-BA00-07BACB037C0F}.Debug|iPhone.Build.0 = Debug|Any CPU
		{5440C80F-54B1-4210-BA00-07BACB037C0F}.Debug|iPhone.Deploy.0 = Debug|Any CPU
		{5440C80F-54B1-4210-BA00-07BACB037C0F}.Debug|iPhoneSimulator.ActiveCfg = Debug|Any CPU
		{5440C80F-54B1-4210-BA00-07BACB037C0F}.Debug|iPhoneSimulator.Build.0 = Debug|Any CPU
		{5440C80F-54B1-4210-BA00-07BACB037C0F}.Debug|iPhoneSimulator.Deploy.0 = Debug|Any CPU
		{5440C80F-54B1-4210-BA00-07BACB037C0F}.Debug|x64.ActiveCfg = Debug|Any CPU
		{5440C80F-54B1-4210-BA00-07BACB037C0F}.Debug|x64.Build.0 = Debug|Any CPU
		{5440C80F-54B1-4210-BA00-07BACB037C0F}.Debug|x64.Deploy.0 = Debug|Any CPU
		{5440C80F-54B1-4210-BA00-07BACB037C0F}.Debug|x86.ActiveCfg = Debug|Any CPU
		{5440C80F-54B1-4210-BA00-07BACB037C0F}.Debug|x86.Build.0 = Debug|Any CPU
		{5440C80F-54B1-4210-BA00-07BACB037C0F}.Debug|x86.Deploy.0 = Debug|Any CPU
		{5440C80F-54B1-4210-BA00-07BACB037C0F}.Release|Any CPU.ActiveCfg = Release|Any CPU
		{5440C80F-54B1-4210-BA00-07BACB037C0F}.Release|Any CPU.Build.0 = Release|Any CPU
		{5440C80F-54B1-4210-BA00-07BACB037C0F}.Release|Any CPU.Deploy.0 = Release|Any CPU
		{5440C80F-54B1-4210-BA00-07BACB037C0F}.Release|ARM.ActiveCfg = Release|Any CPU
		{5440C80F-54B1-4210-BA00-07BACB037C0F}.Release|ARM.Build.0 = Release|Any CPU
		{5440C80F-54B1-4210-BA00-07BACB037C0F}.Release|ARM.Deploy.0 = Release|Any CPU
		{5440C80F-54B1-4210-BA00-07BACB037C0F}.Release|iPhone.ActiveCfg = Release|Any CPU
		{5440C80F-54B1-4210-BA00-07BACB037C0F}.Release|iPhone.Build.0 = Release|Any CPU
		{5440C80F-54B1-4210-BA00-07BACB037C0F}.Release|iPhone.Deploy.0 = Release|Any CPU
		{5440C80F-54B1-4210-BA00-07BACB037C0F}.Release|iPhoneSimulator.ActiveCfg = Release|Any CPU
		{5440C80F-54B1-4210-BA00-07BACB037C0F}.Release|iPhoneSimulator.Build.0 = Release|Any CPU
		{5440C80F-54B1-4210-BA00-07BACB037C0F}.Release|iPhoneSimulator.Deploy.0 = Release|Any CPU
		{5440C80F-54B1-4210-BA00-07BACB037C0F}.Release|x64.ActiveCfg = Release|Any CPU
		{5440C80F-54B1-4210-BA00-07BACB037C0F}.Release|x64.Build.0 = Release|Any CPU
		{5440C80F-54B1-4210-BA00-07BACB037C0F}.Release|x64.Deploy.0 = Release|Any CPU
		{5440C80F-54B1-4210-BA00-07BACB037C0F}.Release|x86.ActiveCfg = Release|Any CPU
		{5440C80F-54B1-4210-BA00-07BACB037C0F}.Release|x86.Build.0 = Release|Any CPU
		{5440C80F-54B1-4210-BA00-07BACB037C0F}.Release|x86.Deploy.0 = Release|Any CPU
		{7F26FCB8-71CB-4A61-B939-6A714D1E1277}.Ad-Hoc|Any CPU.ActiveCfg = Ad-Hoc|iPhone
		{7F26FCB8-71CB-4A61-B939-6A714D1E1277}.Ad-Hoc|ARM.ActiveCfg = Ad-Hoc|iPhone
		{7F26FCB8-71CB-4A61-B939-6A714D1E1277}.Ad-Hoc|iPhone.ActiveCfg = Ad-Hoc|iPhone
		{7F26FCB8-71CB-4A61-B939-6A714D1E1277}.Ad-Hoc|iPhone.Build.0 = Ad-Hoc|iPhone
		{7F26FCB8-71CB-4A61-B939-6A714D1E1277}.Ad-Hoc|iPhoneSimulator.ActiveCfg = Ad-Hoc|iPhoneSimulator
		{7F26FCB8-71CB-4A61-B939-6A714D1E1277}.Ad-Hoc|iPhoneSimulator.Build.0 = Ad-Hoc|iPhoneSimulator
		{7F26FCB8-71CB-4A61-B939-6A714D1E1277}.Ad-Hoc|x64.ActiveCfg = Ad-Hoc|iPhone
		{7F26FCB8-71CB-4A61-B939-6A714D1E1277}.Ad-Hoc|x86.ActiveCfg = Ad-Hoc|iPhone
		{7F26FCB8-71CB-4A61-B939-6A714D1E1277}.AppStore|Any CPU.ActiveCfg = AppStore|iPhone
		{7F26FCB8-71CB-4A61-B939-6A714D1E1277}.AppStore|ARM.ActiveCfg = AppStore|iPhone
		{7F26FCB8-71CB-4A61-B939-6A714D1E1277}.AppStore|iPhone.ActiveCfg = AppStore|iPhone
		{7F26FCB8-71CB-4A61-B939-6A714D1E1277}.AppStore|iPhone.Build.0 = AppStore|iPhone
		{7F26FCB8-71CB-4A61-B939-6A714D1E1277}.AppStore|iPhoneSimulator.ActiveCfg = AppStore|iPhoneSimulator
		{7F26FCB8-71CB-4A61-B939-6A714D1E1277}.AppStore|iPhoneSimulator.Build.0 = AppStore|iPhoneSimulator
		{7F26FCB8-71CB-4A61-B939-6A714D1E1277}.AppStore|x64.ActiveCfg = AppStore|iPhone
		{7F26FCB8-71CB-4A61-B939-6A714D1E1277}.AppStore|x86.ActiveCfg = AppStore|iPhone
		{7F26FCB8-71CB-4A61-B939-6A714D1E1277}.Debug|Any CPU.ActiveCfg = Debug|iPhone
		{7F26FCB8-71CB-4A61-B939-6A714D1E1277}.Debug|ARM.ActiveCfg = Debug|iPhone
		{7F26FCB8-71CB-4A61-B939-6A714D1E1277}.Debug|iPhone.ActiveCfg = Debug|iPhone
		{7F26FCB8-71CB-4A61-B939-6A714D1E1277}.Debug|iPhone.Build.0 = Debug|iPhone
		{7F26FCB8-71CB-4A61-B939-6A714D1E1277}.Debug|iPhoneSimulator.ActiveCfg = Debug|iPhoneSimulator
		{7F26FCB8-71CB-4A61-B939-6A714D1E1277}.Debug|iPhoneSimulator.Build.0 = Debug|iPhoneSimulator
		{7F26FCB8-71CB-4A61-B939-6A714D1E1277}.Debug|x64.ActiveCfg = Debug|iPhone
		{7F26FCB8-71CB-4A61-B939-6A714D1E1277}.Debug|x86.ActiveCfg = Debug|iPhone
		{7F26FCB8-71CB-4A61-B939-6A714D1E1277}.Release|Any CPU.ActiveCfg = Release|iPhone
		{7F26FCB8-71CB-4A61-B939-6A714D1E1277}.Release|ARM.ActiveCfg = Release|iPhone
		{7F26FCB8-71CB-4A61-B939-6A714D1E1277}.Release|iPhone.ActiveCfg = Release|iPhone
		{7F26FCB8-71CB-4A61-B939-6A714D1E1277}.Release|iPhone.Build.0 = Release|iPhone
		{7F26FCB8-71CB-4A61-B939-6A714D1E1277}.Release|iPhoneSimulator.ActiveCfg = Release|iPhoneSimulator
		{7F26FCB8-71CB-4A61-B939-6A714D1E1277}.Release|iPhoneSimulator.Build.0 = Release|iPhoneSimulator
		{7F26FCB8-71CB-4A61-B939-6A714D1E1277}.Release|x64.ActiveCfg = Release|iPhone
		{7F26FCB8-71CB-4A61-B939-6A714D1E1277}.Release|x86.ActiveCfg = Release|iPhone
		{1F415D99-81AC-4BB8-BDC1-73ACE5F268A8}.Ad-Hoc|Any CPU.ActiveCfg = Release|x86
		{1F415D99-81AC-4BB8-BDC1-73ACE5F268A8}.Ad-Hoc|Any CPU.Build.0 = Release|x86
		{1F415D99-81AC-4BB8-BDC1-73ACE5F268A8}.Ad-Hoc|Any CPU.Deploy.0 = Release|x86
		{1F415D99-81AC-4BB8-BDC1-73ACE5F268A8}.Ad-Hoc|ARM.ActiveCfg = Release|ARM
		{1F415D99-81AC-4BB8-BDC1-73ACE5F268A8}.Ad-Hoc|ARM.Build.0 = Release|ARM
		{1F415D99-81AC-4BB8-BDC1-73ACE5F268A8}.Ad-Hoc|ARM.Deploy.0 = Release|ARM
		{1F415D99-81AC-4BB8-BDC1-73ACE5F268A8}.Ad-Hoc|iPhone.ActiveCfg = Release|x86
		{1F415D99-81AC-4BB8-BDC1-73ACE5F268A8}.Ad-Hoc|iPhone.Build.0 = Release|x86
		{1F415D99-81AC-4BB8-BDC1-73ACE5F268A8}.Ad-Hoc|iPhone.Deploy.0 = Release|x86
		{1F415D99-81AC-4BB8-BDC1-73ACE5F268A8}.Ad-Hoc|iPhoneSimulator.ActiveCfg = Release|x86
		{1F415D99-81AC-4BB8-BDC1-73ACE5F268A8}.Ad-Hoc|iPhoneSimulator.Build.0 = Release|x86
		{1F415D99-81AC-4BB8-BDC1-73ACE5F268A8}.Ad-Hoc|iPhoneSimulator.Deploy.0 = Release|x86
		{1F415D99-81AC-4BB8-BDC1-73ACE5F268A8}.Ad-Hoc|x64.ActiveCfg = Release|x64
		{1F415D99-81AC-4BB8-BDC1-73ACE5F268A8}.Ad-Hoc|x64.Build.0 = Release|x64
		{1F415D99-81AC-4BB8-BDC1-73ACE5F268A8}.Ad-Hoc|x64.Deploy.0 = Release|x64
		{1F415D99-81AC-4BB8-BDC1-73ACE5F268A8}.Ad-Hoc|x86.ActiveCfg = Release|x86
		{1F415D99-81AC-4BB8-BDC1-73ACE5F268A8}.Ad-Hoc|x86.Build.0 = Release|x86
		{1F415D99-81AC-4BB8-BDC1-73ACE5F268A8}.Ad-Hoc|x86.Deploy.0 = Release|x86
		{1F415D99-81AC-4BB8-BDC1-73ACE5F268A8}.AppStore|Any CPU.ActiveCfg = Release|x86
		{1F415D99-81AC-4BB8-BDC1-73ACE5F268A8}.AppStore|Any CPU.Build.0 = Release|x86
		{1F415D99-81AC-4BB8-BDC1-73ACE5F268A8}.AppStore|Any CPU.Deploy.0 = Release|x86
		{1F415D99-81AC-4BB8-BDC1-73ACE5F268A8}.AppStore|ARM.ActiveCfg = Release|ARM
		{1F415D99-81AC-4BB8-BDC1-73ACE5F268A8}.AppStore|ARM.Build.0 = Release|ARM
		{1F415D99-81AC-4BB8-BDC1-73ACE5F268A8}.AppStore|ARM.Deploy.0 = Release|ARM
		{1F415D99-81AC-4BB8-BDC1-73ACE5F268A8}.AppStore|iPhone.ActiveCfg = Release|x86
		{1F415D99-81AC-4BB8-BDC1-73ACE5F268A8}.AppStore|iPhone.Build.0 = Release|x86
		{1F415D99-81AC-4BB8-BDC1-73ACE5F268A8}.AppStore|iPhone.Deploy.0 = Release|x86
		{1F415D99-81AC-4BB8-BDC1-73ACE5F268A8}.AppStore|iPhoneSimulator.ActiveCfg = Release|x86
		{1F415D99-81AC-4BB8-BDC1-73ACE5F268A8}.AppStore|iPhoneSimulator.Build.0 = Release|x86
		{1F415D99-81AC-4BB8-BDC1-73ACE5F268A8}.AppStore|iPhoneSimulator.Deploy.0 = Release|x86
		{1F415D99-81AC-4BB8-BDC1-73ACE5F268A8}.AppStore|x64.ActiveCfg = Release|x64
		{1F415D99-81AC-4BB8-BDC1-73ACE5F268A8}.AppStore|x64.Build.0 = Release|x64
		{1F415D99-81AC-4BB8-BDC1-73ACE5F268A8}.AppStore|x64.Deploy.0 = Release|x64
		{1F415D99-81AC-4BB8-BDC1-73ACE5F268A8}.AppStore|x86.ActiveCfg = Release|x86
		{1F415D99-81AC-4BB8-BDC1-73ACE5F268A8}.AppStore|x86.Build.0 = Release|x86
		{1F415D99-81AC-4BB8-BDC1-73ACE5F268A8}.AppStore|x86.Deploy.0 = Release|x86
		{1F415D99-81AC-4BB8-BDC1-73ACE5F268A8}.Debug|Any CPU.ActiveCfg = Debug|x86
		{1F415D99-81AC-4BB8-BDC1-73ACE5F268A8}.Debug|ARM.ActiveCfg = Debug|ARM
		{1F415D99-81AC-4BB8-BDC1-73ACE5F268A8}.Debug|ARM.Build.0 = Debug|ARM
		{1F415D99-81AC-4BB8-BDC1-73ACE5F268A8}.Debug|ARM.Deploy.0 = Debug|ARM
		{1F415D99-81AC-4BB8-BDC1-73ACE5F268A8}.Debug|iPhone.ActiveCfg = Debug|x86
		{1F415D99-81AC-4BB8-BDC1-73ACE5F268A8}.Debug|iPhoneSimulator.ActiveCfg = Debug|x86
		{1F415D99-81AC-4BB8-BDC1-73ACE5F268A8}.Debug|x64.ActiveCfg = Debug|x64
		{1F415D99-81AC-4BB8-BDC1-73ACE5F268A8}.Debug|x64.Build.0 = Debug|x64
		{1F415D99-81AC-4BB8-BDC1-73ACE5F268A8}.Debug|x64.Deploy.0 = Debug|x64
		{1F415D99-81AC-4BB8-BDC1-73ACE5F268A8}.Debug|x86.ActiveCfg = Debug|x86
		{1F415D99-81AC-4BB8-BDC1-73ACE5F268A8}.Debug|x86.Build.0 = Debug|x86
		{1F415D99-81AC-4BB8-BDC1-73ACE5F268A8}.Debug|x86.Deploy.0 = Debug|x86
		{1F415D99-81AC-4BB8-BDC1-73ACE5F268A8}.Release|Any CPU.ActiveCfg = Release|x86
		{1F415D99-81AC-4BB8-BDC1-73ACE5F268A8}.Release|Any CPU.Build.0 = Release|x86
		{1F415D99-81AC-4BB8-BDC1-73ACE5F268A8}.Release|Any CPU.Deploy.0 = Release|x86
		{1F415D99-81AC-4BB8-BDC1-73ACE5F268A8}.Release|ARM.ActiveCfg = Release|ARM
		{1F415D99-81AC-4BB8-BDC1-73ACE5F268A8}.Release|ARM.Build.0 = Release|ARM
		{1F415D99-81AC-4BB8-BDC1-73ACE5F268A8}.Release|ARM.Deploy.0 = Release|ARM
		{1F415D99-81AC-4BB8-BDC1-73ACE5F268A8}.Release|iPhone.ActiveCfg = Release|x86
		{1F415D99-81AC-4BB8-BDC1-73ACE5F268A8}.Release|iPhoneSimulator.ActiveCfg = Release|x86
		{1F415D99-81AC-4BB8-BDC1-73ACE5F268A8}.Release|x64.ActiveCfg = Release|x64
		{1F415D99-81AC-4BB8-BDC1-73ACE5F268A8}.Release|x64.Build.0 = Release|x64
		{1F415D99-81AC-4BB8-BDC1-73ACE5F268A8}.Release|x64.Deploy.0 = Release|x64
		{1F415D99-81AC-4BB8-BDC1-73ACE5F268A8}.Release|x86.ActiveCfg = Release|x86
		{1F415D99-81AC-4BB8-BDC1-73ACE5F268A8}.Release|x86.Build.0 = Release|x86
		{1F415D99-81AC-4BB8-BDC1-73ACE5F268A8}.Release|x86.Deploy.0 = Release|x86
	EndGlobalSection
	GlobalSection(SolutionProperties) = preSolution
		HideSolutionNode = FALSE
	EndGlobalSection
EndGlobal
