
Microsoft Visual Studio Solution File, Format Version 12.00
# Visual Studio 15
VisualStudioVersion = 15.0.26730.16
MinimumVisualStudioVersion = 10.0.40219.1
Project("{FAE04EC0-301F-11D3-BF4B-00C04F79EFBC}") = "ChildGrowth.Android", "ChildGrowth\ChildGrowth.Android\ChildGrowth.Android.csproj", "{006F4509-E7A6-4C86-A391-8AF60A3CA81F}"
EndProject
Project("{FAE04EC0-301F-11D3-BF4B-00C04F79EFBC}") = "ChildGrowth", "ChildGrowth\ChildGrowth\ChildGrowth.csproj", "{83EED28B-5D76-4750-AB01-8E6E5DA90E17}"
EndProject
Project("{FAE04EC0-301F-11D3-BF4B-00C04F79EFBC}") = "ChildGrowth.iOS", "ChildGrowth\ChildGrowth.iOS\ChildGrowth.iOS.csproj", "{25E6404D-8B70-448D-9B90-B7A59CE6B136}"
EndProject
Global
	GlobalSection(SolutionConfigurationPlatforms) = preSolution
		Ad-Hoc|Any CPU = Ad-Hoc|Any CPU
		Ad-Hoc|ARM = Ad-Hoc|ARM
		Ad-Hoc|iPhone = Ad-Hoc|iPhone
		Ad-Hoc|iPhoneSimulator = Ad-Hoc|iPhoneSimulator
		Ad-Hoc|x64 = Ad-Hoc|x64
		Ad-Hoc|x86 = Ad-Hoc|x86
		AppStore|Any CPU = AppStore|Any CPU
		AppStore|ARM = AppStore|ARM
		AppStore|iPhone = AppStore|iPhone
		AppStore|iPhoneSimulator = AppStore|iPhoneSimulator
		AppStore|x64 = AppStore|x64
		AppStore|x86 = AppStore|x86
		Debug|Any CPU = Debug|Any CPU
		Debug|ARM = Debug|ARM
		Debug|iPhone = Debug|iPhone
		Debug|iPhoneSimulator = Debug|iPhoneSimulator
		Debug|x64 = Debug|x64
		Debug|x86 = Debug|x86
		Release|Any CPU = Release|Any CPU
		Release|ARM = Release|ARM
		Release|iPhone = Release|iPhone
		Release|iPhoneSimulator = Release|iPhoneSimulator
		Release|x64 = Release|x64
		Release|x86 = Release|x86
	EndGlobalSection
	GlobalSection(ProjectConfigurationPlatforms) = postSolution
		{006F4509-E7A6-4C86-A391-8AF60A3CA81F}.Ad-Hoc|Any CPU.ActiveCfg = Release|Any CPU
		{006F4509-E7A6-4C86-A391-8AF60A3CA81F}.Ad-Hoc|Any CPU.Build.0 = Release|Any CPU
		{006F4509-E7A6-4C86-A391-8AF60A3CA81F}.Ad-Hoc|Any CPU.Deploy.0 = Release|Any CPU
		{006F4509-E7A6-4C86-A391-8AF60A3CA81F}.Ad-Hoc|ARM.ActiveCfg = Release|Any CPU
		{006F4509-E7A6-4C86-A391-8AF60A3CA81F}.Ad-Hoc|ARM.Build.0 = Release|Any CPU
		{006F4509-E7A6-4C86-A391-8AF60A3CA81F}.Ad-Hoc|ARM.Deploy.0 = Release|Any CPU
		{006F4509-E7A6-4C86-A391-8AF60A3CA81F}.Ad-Hoc|iPhone.ActiveCfg = Release|Any CPU
		{006F4509-E7A6-4C86-A391-8AF60A3CA81F}.Ad-Hoc|iPhone.Build.0 = Release|Any CPU
		{006F4509-E7A6-4C86-A391-8AF60A3CA81F}.Ad-Hoc|iPhone.Deploy.0 = Release|Any CPU
		{006F4509-E7A6-4C86-A391-8AF60A3CA81F}.Ad-Hoc|iPhoneSimulator.ActiveCfg = Release|Any CPU
		{006F4509-E7A6-4C86-A391-8AF60A3CA81F}.Ad-Hoc|iPhoneSimulator.Build.0 = Release|Any CPU
		{006F4509-E7A6-4C86-A391-8AF60A3CA81F}.Ad-Hoc|iPhoneSimulator.Deploy.0 = Release|Any CPU
		{006F4509-E7A6-4C86-A391-8AF60A3CA81F}.Ad-Hoc|x64.ActiveCfg = Release|Any CPU
		{006F4509-E7A6-4C86-A391-8AF60A3CA81F}.Ad-Hoc|x64.Build.0 = Release|Any CPU
		{006F4509-E7A6-4C86-A391-8AF60A3CA81F}.Ad-Hoc|x64.Deploy.0 = Release|Any CPU
		{006F4509-E7A6-4C86-A391-8AF60A3CA81F}.Ad-Hoc|x86.ActiveCfg = Release|Any CPU
		{006F4509-E7A6-4C86-A391-8AF60A3CA81F}.Ad-Hoc|x86.Build.0 = Release|Any CPU
		{006F4509-E7A6-4C86-A391-8AF60A3CA81F}.Ad-Hoc|x86.Deploy.0 = Release|Any CPU
		{006F4509-E7A6-4C86-A391-8AF60A3CA81F}.AppStore|Any CPU.ActiveCfg = Release|Any CPU
		{006F4509-E7A6-4C86-A391-8AF60A3CA81F}.AppStore|Any CPU.Build.0 = Release|Any CPU
		{006F4509-E7A6-4C86-A391-8AF60A3CA81F}.AppStore|Any CPU.Deploy.0 = Release|Any CPU
		{006F4509-E7A6-4C86-A391-8AF60A3CA81F}.AppStore|ARM.ActiveCfg = Release|Any CPU
		{006F4509-E7A6-4C86-A391-8AF60A3CA81F}.AppStore|ARM.Build.0 = Release|Any CPU
		{006F4509-E7A6-4C86-A391-8AF60A3CA81F}.AppStore|ARM.Deploy.0 = Release|Any CPU
		{006F4509-E7A6-4C86-A391-8AF60A3CA81F}.AppStore|iPhone.ActiveCfg = Release|Any CPU
		{006F4509-E7A6-4C86-A391-8AF60A3CA81F}.AppStore|iPhone.Build.0 = Release|Any CPU
		{006F4509-E7A6-4C86-A391-8AF60A3CA81F}.AppStore|iPhone.Deploy.0 = Release|Any CPU
		{006F4509-E7A6-4C86-A391-8AF60A3CA81F}.AppStore|iPhoneSimulator.ActiveCfg = Release|Any CPU
		{006F4509-E7A6-4C86-A391-8AF60A3CA81F}.AppStore|iPhoneSimulator.Build.0 = Release|Any CPU
		{006F4509-E7A6-4C86-A391-8AF60A3CA81F}.AppStore|iPhoneSimulator.Deploy.0 = Release|Any CPU
		{006F4509-E7A6-4C86-A391-8AF60A3CA81F}.AppStore|x64.ActiveCfg = Release|Any CPU
		{006F4509-E7A6-4C86-A391-8AF60A3CA81F}.AppStore|x64.Build.0 = Release|Any CPU
		{006F4509-E7A6-4C86-A391-8AF60A3CA81F}.AppStore|x64.Deploy.0 = Release|Any CPU
		{006F4509-E7A6-4C86-A391-8AF60A3CA81F}.AppStore|x86.ActiveCfg = Release|Any CPU
		{006F4509-E7A6-4C86-A391-8AF60A3CA81F}.AppStore|x86.Build.0 = Release|Any CPU
		{006F4509-E7A6-4C86-A391-8AF60A3CA81F}.AppStore|x86.Deploy.0 = Release|Any CPU
		{006F4509-E7A6-4C86-A391-8AF60A3CA81F}.Debug|Any CPU.ActiveCfg = Debug|Any CPU
		{006F4509-E7A6-4C86-A391-8AF60A3CA81F}.Debug|Any CPU.Build.0 = Debug|Any CPU
		{006F4509-E7A6-4C86-A391-8AF60A3CA81F}.Debug|Any CPU.Deploy.0 = Debug|Any CPU
		{006F4509-E7A6-4C86-A391-8AF60A3CA81F}.Debug|ARM.ActiveCfg = Debug|Any CPU
		{006F4509-E7A6-4C86-A391-8AF60A3CA81F}.Debug|ARM.Build.0 = Debug|Any CPU
		{006F4509-E7A6-4C86-A391-8AF60A3CA81F}.Debug|ARM.Deploy.0 = Debug|Any CPU
		{006F4509-E7A6-4C86-A391-8AF60A3CA81F}.Debug|iPhone.ActiveCfg = Debug|Any CPU
		{006F4509-E7A6-4C86-A391-8AF60A3CA81F}.Debug|iPhone.Build.0 = Debug|Any CPU
		{006F4509-E7A6-4C86-A391-8AF60A3CA81F}.Debug|iPhone.Deploy.0 = Debug|Any CPU
		{006F4509-E7A6-4C86-A391-8AF60A3CA81F}.Debug|iPhoneSimulator.ActiveCfg = Debug|Any CPU
		{006F4509-E7A6-4C86-A391-8AF60A3CA81F}.Debug|iPhoneSimulator.Build.0 = Debug|Any CPU
		{006F4509-E7A6-4C86-A391-8AF60A3CA81F}.Debug|iPhoneSimulator.Deploy.0 = Debug|Any CPU
		{006F4509-E7A6-4C86-A391-8AF60A3CA81F}.Debug|x64.ActiveCfg = Debug|Any CPU
		{006F4509-E7A6-4C86-A391-8AF60A3CA81F}.Debug|x64.Build.0 = Debug|Any CPU
		{006F4509-E7A6-4C86-A391-8AF60A3CA81F}.Debug|x64.Deploy.0 = Debug|Any CPU
		{006F4509-E7A6-4C86-A391-8AF60A3CA81F}.Debug|x86.ActiveCfg = Debug|Any CPU
		{006F4509-E7A6-4C86-A391-8AF60A3CA81F}.Debug|x86.Build.0 = Debug|Any CPU
		{006F4509-E7A6-4C86-A391-8AF60A3CA81F}.Debug|x86.Deploy.0 = Debug|Any CPU
		{006F4509-E7A6-4C86-A391-8AF60A3CA81F}.Release|Any CPU.ActiveCfg = Release|Any CPU
		{006F4509-E7A6-4C86-A391-8AF60A3CA81F}.Release|Any CPU.Build.0 = Release|Any CPU
		{006F4509-E7A6-4C86-A391-8AF60A3CA81F}.Release|Any CPU.Deploy.0 = Release|Any CPU
		{006F4509-E7A6-4C86-A391-8AF60A3CA81F}.Release|ARM.ActiveCfg = Release|Any CPU
		{006F4509-E7A6-4C86-A391-8AF60A3CA81F}.Release|ARM.Build.0 = Release|Any CPU
		{006F4509-E7A6-4C86-A391-8AF60A3CA81F}.Release|ARM.Deploy.0 = Release|Any CPU
		{006F4509-E7A6-4C86-A391-8AF60A3CA81F}.Release|iPhone.ActiveCfg = Release|Any CPU
		{006F4509-E7A6-4C86-A391-8AF60A3CA81F}.Release|iPhone.Build.0 = Release|Any CPU
		{006F4509-E7A6-4C86-A391-8AF60A3CA81F}.Release|iPhone.Deploy.0 = Release|Any CPU
		{006F4509-E7A6-4C86-A391-8AF60A3CA81F}.Release|iPhoneSimulator.ActiveCfg = Release|Any CPU
		{006F4509-E7A6-4C86-A391-8AF60A3CA81F}.Release|iPhoneSimulator.Build.0 = Release|Any CPU
		{006F4509-E7A6-4C86-A391-8AF60A3CA81F}.Release|iPhoneSimulator.Deploy.0 = Release|Any CPU
		{006F4509-E7A6-4C86-A391-8AF60A3CA81F}.Release|x64.ActiveCfg = Release|Any CPU
		{006F4509-E7A6-4C86-A391-8AF60A3CA81F}.Release|x64.Build.0 = Release|Any CPU
		{006F4509-E7A6-4C86-A391-8AF60A3CA81F}.Release|x64.Deploy.0 = Release|Any CPU
		{006F4509-E7A6-4C86-A391-8AF60A3CA81F}.Release|x86.ActiveCfg = Release|Any CPU
		{006F4509-E7A6-4C86-A391-8AF60A3CA81F}.Release|x86.Build.0 = Release|Any CPU
		{006F4509-E7A6-4C86-A391-8AF60A3CA81F}.Release|x86.Deploy.0 = Release|Any CPU
		{83EED28B-5D76-4750-AB01-8E6E5DA90E17}.Ad-Hoc|Any CPU.ActiveCfg = Release|Any CPU
		{83EED28B-5D76-4750-AB01-8E6E5DA90E17}.Ad-Hoc|Any CPU.Build.0 = Release|Any CPU
		{83EED28B-5D76-4750-AB01-8E6E5DA90E17}.Ad-Hoc|ARM.ActiveCfg = Release|Any CPU
		{83EED28B-5D76-4750-AB01-8E6E5DA90E17}.Ad-Hoc|ARM.Build.0 = Release|Any CPU
		{83EED28B-5D76-4750-AB01-8E6E5DA90E17}.Ad-Hoc|iPhone.ActiveCfg = Release|Any CPU
		{83EED28B-5D76-4750-AB01-8E6E5DA90E17}.Ad-Hoc|iPhone.Build.0 = Release|Any CPU
		{83EED28B-5D76-4750-AB01-8E6E5DA90E17}.Ad-Hoc|iPhoneSimulator.ActiveCfg = Release|Any CPU
		{83EED28B-5D76-4750-AB01-8E6E5DA90E17}.Ad-Hoc|iPhoneSimulator.Build.0 = Release|Any CPU
		{83EED28B-5D76-4750-AB01-8E6E5DA90E17}.Ad-Hoc|x64.ActiveCfg = Release|Any CPU
		{83EED28B-5D76-4750-AB01-8E6E5DA90E17}.Ad-Hoc|x64.Build.0 = Release|Any CPU
		{83EED28B-5D76-4750-AB01-8E6E5DA90E17}.Ad-Hoc|x86.ActiveCfg = Release|Any CPU
		{83EED28B-5D76-4750-AB01-8E6E5DA90E17}.Ad-Hoc|x86.Build.0 = Release|Any CPU
		{83EED28B-5D76-4750-AB01-8E6E5DA90E17}.AppStore|Any CPU.ActiveCfg = Release|Any CPU
		{83EED28B-5D76-4750-AB01-8E6E5DA90E17}.AppStore|Any CPU.Build.0 = Release|Any CPU
		{83EED28B-5D76-4750-AB01-8E6E5DA90E17}.AppStore|ARM.ActiveCfg = Release|Any CPU
		{83EED28B-5D76-4750-AB01-8E6E5DA90E17}.AppStore|ARM.Build.0 = Release|Any CPU
		{83EED28B-5D76-4750-AB01-8E6E5DA90E17}.AppStore|iPhone.ActiveCfg = Release|Any CPU
		{83EED28B-5D76-4750-AB01-8E6E5DA90E17}.AppStore|iPhone.Build.0 = Release|Any CPU
		{83EED28B-5D76-4750-AB01-8E6E5DA90E17}.AppStore|iPhoneSimulator.ActiveCfg = Release|Any CPU
		{83EED28B-5D76-4750-AB01-8E6E5DA90E17}.AppStore|iPhoneSimulator.Build.0 = Release|Any CPU
		{83EED28B-5D76-4750-AB01-8E6E5DA90E17}.AppStore|x64.ActiveCfg = Release|Any CPU
		{83EED28B-5D76-4750-AB01-8E6E5DA90E17}.AppStore|x64.Build.0 = Release|Any CPU
		{83EED28B-5D76-4750-AB01-8E6E5DA90E17}.AppStore|x86.ActiveCfg = Release|Any CPU
		{83EED28B-5D76-4750-AB01-8E6E5DA90E17}.AppStore|x86.Build.0 = Release|Any CPU
		{83EED28B-5D76-4750-AB01-8E6E5DA90E17}.Debug|Any CPU.ActiveCfg = Debug|Any CPU
		{83EED28B-5D76-4750-AB01-8E6E5DA90E17}.Debug|Any CPU.Build.0 = Debug|Any CPU
		{83EED28B-5D76-4750-AB01-8E6E5DA90E17}.Debug|ARM.ActiveCfg = Debug|Any CPU
		{83EED28B-5D76-4750-AB01-8E6E5DA90E17}.Debug|ARM.Build.0 = Debug|Any CPU
		{83EED28B-5D76-4750-AB01-8E6E5DA90E17}.Debug|iPhone.ActiveCfg = Debug|Any CPU
		{83EED28B-5D76-4750-AB01-8E6E5DA90E17}.Debug|iPhone.Build.0 = Debug|Any CPU
		{83EED28B-5D76-4750-AB01-8E6E5DA90E17}.Debug|iPhoneSimulator.ActiveCfg = Debug|Any CPU
		{83EED28B-5D76-4750-AB01-8E6E5DA90E17}.Debug|iPhoneSimulator.Build.0 = Debug|Any CPU
		{83EED28B-5D76-4750-AB01-8E6E5DA90E17}.Debug|x64.ActiveCfg = Debug|Any CPU
		{83EED28B-5D76-4750-AB01-8E6E5DA90E17}.Debug|x64.Build.0 = Debug|Any CPU
		{83EED28B-5D76-4750-AB01-8E6E5DA90E17}.Debug|x86.ActiveCfg = Debug|Any CPU
		{83EED28B-5D76-4750-AB01-8E6E5DA90E17}.Debug|x86.Build.0 = Debug|Any CPU
		{83EED28B-5D76-4750-AB01-8E6E5DA90E17}.Release|Any CPU.ActiveCfg = Release|Any CPU
		{83EED28B-5D76-4750-AB01-8E6E5DA90E17}.Release|Any CPU.Build.0 = Release|Any CPU
		{83EED28B-5D76-4750-AB01-8E6E5DA90E17}.Release|ARM.ActiveCfg = Release|Any CPU
		{83EED28B-5D76-4750-AB01-8E6E5DA90E17}.Release|ARM.Build.0 = Release|Any CPU
		{83EED28B-5D76-4750-AB01-8E6E5DA90E17}.Release|iPhone.ActiveCfg = Release|Any CPU
		{83EED28B-5D76-4750-AB01-8E6E5DA90E17}.Release|iPhone.Build.0 = Release|Any CPU
		{83EED28B-5D76-4750-AB01-8E6E5DA90E17}.Release|iPhoneSimulator.ActiveCfg = Release|Any CPU
		{83EED28B-5D76-4750-AB01-8E6E5DA90E17}.Release|iPhoneSimulator.Build.0 = Release|Any CPU
		{83EED28B-5D76-4750-AB01-8E6E5DA90E17}.Release|x64.ActiveCfg = Release|Any CPU
		{83EED28B-5D76-4750-AB01-8E6E5DA90E17}.Release|x64.Build.0 = Release|Any CPU
		{83EED28B-5D76-4750-AB01-8E6E5DA90E17}.Release|x86.ActiveCfg = Release|Any CPU
		{83EED28B-5D76-4750-AB01-8E6E5DA90E17}.Release|x86.Build.0 = Release|Any CPU
		{25E6404D-8B70-448D-9B90-B7A59CE6B136}.Ad-Hoc|Any CPU.ActiveCfg = Ad-Hoc|iPhone
		{25E6404D-8B70-448D-9B90-B7A59CE6B136}.Ad-Hoc|ARM.ActiveCfg = Ad-Hoc|iPhone
		{25E6404D-8B70-448D-9B90-B7A59CE6B136}.Ad-Hoc|iPhone.ActiveCfg = Ad-Hoc|iPhone
		{25E6404D-8B70-448D-9B90-B7A59CE6B136}.Ad-Hoc|iPhone.Build.0 = Ad-Hoc|iPhone
		{25E6404D-8B70-448D-9B90-B7A59CE6B136}.Ad-Hoc|iPhoneSimulator.ActiveCfg = Ad-Hoc|iPhoneSimulator
		{25E6404D-8B70-448D-9B90-B7A59CE6B136}.Ad-Hoc|iPhoneSimulator.Build.0 = Ad-Hoc|iPhoneSimulator
		{25E6404D-8B70-448D-9B90-B7A59CE6B136}.Ad-Hoc|x64.ActiveCfg = Ad-Hoc|iPhone
		{25E6404D-8B70-448D-9B90-B7A59CE6B136}.Ad-Hoc|x86.ActiveCfg = Ad-Hoc|iPhone
		{25E6404D-8B70-448D-9B90-B7A59CE6B136}.AppStore|Any CPU.ActiveCfg = AppStore|iPhone
		{25E6404D-8B70-448D-9B90-B7A59CE6B136}.AppStore|ARM.ActiveCfg = AppStore|iPhone
		{25E6404D-8B70-448D-9B90-B7A59CE6B136}.AppStore|iPhone.ActiveCfg = AppStore|iPhone
		{25E6404D-8B70-448D-9B90-B7A59CE6B136}.AppStore|iPhone.Build.0 = AppStore|iPhone
		{25E6404D-8B70-448D-9B90-B7A59CE6B136}.AppStore|iPhoneSimulator.ActiveCfg = AppStore|iPhoneSimulator
		{25E6404D-8B70-448D-9B90-B7A59CE6B136}.AppStore|iPhoneSimulator.Build.0 = AppStore|iPhoneSimulator
		{25E6404D-8B70-448D-9B90-B7A59CE6B136}.AppStore|x64.ActiveCfg = AppStore|iPhone
		{25E6404D-8B70-448D-9B90-B7A59CE6B136}.AppStore|x86.ActiveCfg = AppStore|iPhone
		{25E6404D-8B70-448D-9B90-B7A59CE6B136}.Debug|Any CPU.ActiveCfg = Debug|iPhone
		{25E6404D-8B70-448D-9B90-B7A59CE6B136}.Debug|ARM.ActiveCfg = Debug|iPhone
		{25E6404D-8B70-448D-9B90-B7A59CE6B136}.Debug|iPhone.ActiveCfg = Debug|iPhone
		{25E6404D-8B70-448D-9B90-B7A59CE6B136}.Debug|iPhone.Build.0 = Debug|iPhone
		{25E6404D-8B70-448D-9B90-B7A59CE6B136}.Debug|iPhoneSimulator.ActiveCfg = Debug|iPhoneSimulator
		{25E6404D-8B70-448D-9B90-B7A59CE6B136}.Debug|iPhoneSimulator.Build.0 = Debug|iPhoneSimulator
		{25E6404D-8B70-448D-9B90-B7A59CE6B136}.Debug|x64.ActiveCfg = Debug|iPhone
		{25E6404D-8B70-448D-9B90-B7A59CE6B136}.Debug|x86.ActiveCfg = Debug|iPhone
		{25E6404D-8B70-448D-9B90-B7A59CE6B136}.Release|Any CPU.ActiveCfg = Release|iPhone
		{25E6404D-8B70-448D-9B90-B7A59CE6B136}.Release|ARM.ActiveCfg = Release|iPhone
		{25E6404D-8B70-448D-9B90-B7A59CE6B136}.Release|iPhone.ActiveCfg = Release|iPhone
		{25E6404D-8B70-448D-9B90-B7A59CE6B136}.Release|iPhone.Build.0 = Release|iPhone
		{25E6404D-8B70-448D-9B90-B7A59CE6B136}.Release|iPhoneSimulator.ActiveCfg = Release|iPhoneSimulator
		{25E6404D-8B70-448D-9B90-B7A59CE6B136}.Release|iPhoneSimulator.Build.0 = Release|iPhoneSimulator
		{25E6404D-8B70-448D-9B90-B7A59CE6B136}.Release|x64.ActiveCfg = Release|iPhone
		{25E6404D-8B70-448D-9B90-B7A59CE6B136}.Release|x86.ActiveCfg = Release|iPhone
	EndGlobalSection
	GlobalSection(SolutionProperties) = preSolution
		HideSolutionNode = FALSE
	EndGlobalSection
	GlobalSection(ExtensibilityGlobals) = postSolution
		SolutionGuid = {37771227-E1A8-4A1B-8FA0-48C3A9C24ADD}
	EndGlobalSection
EndGlobal
