
Microsoft Visual Studio Solution File, Format Version 12.00
# Visual Studio 2013
VisualStudioVersion = 12.0.30723.0
MinimumVisualStudioVersion = 10.0.40219.1
Project("{FAE04EC0-301F-11D3-BF4B-00C04F79EFBC}") = "ChartSample", "ChartSample\ChartSample\ChartSample.csproj", "{10D48F7F-5347-4B31-A2A1-19E92878D50F}"
EndProject
Project("{FAE04EC0-301F-11D3-BF4B-00C04F79EFBC}") = "ChartSample.iOS", "ChartSample\ChartSample.iOS\ChartSample.iOS.csproj", "{FC45F92C-2B97-4F8E-8895-38F50F37B1A0}"
EndProject
Project("{FAE04EC0-301F-11D3-BF4B-00C04F79EFBC}") = "ChartSample.Droid", "ChartSample\ChartSample.Droid\ChartSample.Droid.csproj", "{165F38C9-87F3-4575-A9A6-074069820423}"
EndProject
Project("{FAE04EC0-301F-11D3-BF4B-00C04F79EFBC}") = "ChartSample.WinPhone", "ChartSample\ChartSample.WinPhone\ChartSample.WinPhone.csproj", "{64CC576D-6895-4A83-9D7E-290BCE8A0EB7}"
EndProject
Global
	GlobalSection(SolutionConfigurationPlatforms) = preSolution
		Ad-Hoc|Any CPU = Ad-Hoc|Any CPU
		Ad-Hoc|ARM = Ad-Hoc|ARM
		Ad-Hoc|iPhone = Ad-Hoc|iPhone
		Ad-Hoc|iPhoneSimulator = Ad-Hoc|iPhoneSimulator
		Ad-Hoc|Mixed Platforms = Ad-Hoc|Mixed Platforms
		Ad-Hoc|x86 = Ad-Hoc|x86
		AppStore|Any CPU = AppStore|Any CPU
		AppStore|ARM = AppStore|ARM
		AppStore|iPhone = AppStore|iPhone
		AppStore|iPhoneSimulator = AppStore|iPhoneSimulator
		AppStore|Mixed Platforms = AppStore|Mixed Platforms
		AppStore|x86 = AppStore|x86
		Debug|Any CPU = Debug|Any CPU
		Debug|ARM = Debug|ARM
		Debug|iPhone = Debug|iPhone
		Debug|iPhoneSimulator = Debug|iPhoneSimulator
		Debug|Mixed Platforms = Debug|Mixed Platforms
		Debug|x86 = Debug|x86
		Release|Any CPU = Release|Any CPU
		Release|ARM = Release|ARM
		Release|iPhone = Release|iPhone
		Release|iPhoneSimulator = Release|iPhoneSimulator
		Release|Mixed Platforms = Release|Mixed Platforms
		Release|x86 = Release|x86
	EndGlobalSection
	GlobalSection(ProjectConfigurationPlatforms) = postSolution
		{10D48F7F-5347-4B31-A2A1-19E92878D50F}.Ad-Hoc|Any CPU.ActiveCfg = Release|Any CPU
		{10D48F7F-5347-4B31-A2A1-19E92878D50F}.Ad-Hoc|Any CPU.Build.0 = Release|Any CPU
		{10D48F7F-5347-4B31-A2A1-19E92878D50F}.Ad-Hoc|ARM.ActiveCfg = Release|Any CPU
		{10D48F7F-5347-4B31-A2A1-19E92878D50F}.Ad-Hoc|iPhone.ActiveCfg = Release|Any CPU
		{10D48F7F-5347-4B31-A2A1-19E92878D50F}.Ad-Hoc|iPhoneSimulator.ActiveCfg = Release|Any CPU
		{10D48F7F-5347-4B31-A2A1-19E92878D50F}.Ad-Hoc|Mixed Platforms.ActiveCfg = Release|Any CPU
		{10D48F7F-5347-4B31-A2A1-19E92878D50F}.Ad-Hoc|Mixed Platforms.Build.0 = Release|Any CPU
		{10D48F7F-5347-4B31-A2A1-19E92878D50F}.Ad-Hoc|x86.ActiveCfg = Release|Any CPU
		{10D48F7F-5347-4B31-A2A1-19E92878D50F}.AppStore|Any CPU.ActiveCfg = Release|Any CPU
		{10D48F7F-5347-4B31-A2A1-19E92878D50F}.AppStore|Any CPU.Build.0 = Release|Any CPU
		{10D48F7F-5347-4B31-A2A1-19E92878D50F}.AppStore|ARM.ActiveCfg = Release|Any CPU
		{10D48F7F-5347-4B31-A2A1-19E92878D50F}.AppStore|iPhone.ActiveCfg = Release|Any CPU
		{10D48F7F-5347-4B31-A2A1-19E92878D50F}.AppStore|iPhoneSimulator.ActiveCfg = Release|Any CPU
		{10D48F7F-5347-4B31-A2A1-19E92878D50F}.AppStore|Mixed Platforms.ActiveCfg = Release|Any CPU
		{10D48F7F-5347-4B31-A2A1-19E92878D50F}.AppStore|Mixed Platforms.Build.0 = Release|Any CPU
		{10D48F7F-5347-4B31-A2A1-19E92878D50F}.AppStore|x86.ActiveCfg = Release|Any CPU
		{10D48F7F-5347-4B31-A2A1-19E92878D50F}.Debug|Any CPU.ActiveCfg = Debug|Any CPU
		{10D48F7F-5347-4B31-A2A1-19E92878D50F}.Debug|Any CPU.Build.0 = Debug|Any CPU
		{10D48F7F-5347-4B31-A2A1-19E92878D50F}.Debug|ARM.ActiveCfg = Debug|Any CPU
		{10D48F7F-5347-4B31-A2A1-19E92878D50F}.Debug|iPhone.ActiveCfg = Debug|Any CPU
		{10D48F7F-5347-4B31-A2A1-19E92878D50F}.Debug|iPhoneSimulator.ActiveCfg = Debug|Any CPU
		{10D48F7F-5347-4B31-A2A1-19E92878D50F}.Debug|Mixed Platforms.ActiveCfg = Debug|Any CPU
		{10D48F7F-5347-4B31-A2A1-19E92878D50F}.Debug|Mixed Platforms.Build.0 = Debug|Any CPU
		{10D48F7F-5347-4B31-A2A1-19E92878D50F}.Debug|x86.ActiveCfg = Debug|Any CPU
		{10D48F7F-5347-4B31-A2A1-19E92878D50F}.Release|Any CPU.ActiveCfg = Release|Any CPU
		{10D48F7F-5347-4B31-A2A1-19E92878D50F}.Release|Any CPU.Build.0 = Release|Any CPU
		{10D48F7F-5347-4B31-A2A1-19E92878D50F}.Release|ARM.ActiveCfg = Release|Any CPU
		{10D48F7F-5347-4B31-A2A1-19E92878D50F}.Release|iPhone.ActiveCfg = Release|Any CPU
		{10D48F7F-5347-4B31-A2A1-19E92878D50F}.Release|iPhoneSimulator.ActiveCfg = Release|Any CPU
		{10D48F7F-5347-4B31-A2A1-19E92878D50F}.Release|Mixed Platforms.ActiveCfg = Release|Any CPU
		{10D48F7F-5347-4B31-A2A1-19E92878D50F}.Release|Mixed Platforms.Build.0 = Release|Any CPU
		{10D48F7F-5347-4B31-A2A1-19E92878D50F}.Release|x86.ActiveCfg = Release|Any CPU
		{FC45F92C-2B97-4F8E-8895-38F50F37B1A0}.Ad-Hoc|Any CPU.ActiveCfg = Ad-Hoc|iPhone
		{FC45F92C-2B97-4F8E-8895-38F50F37B1A0}.Ad-Hoc|ARM.ActiveCfg = Ad-Hoc|iPhone
		{FC45F92C-2B97-4F8E-8895-38F50F37B1A0}.Ad-Hoc|iPhone.ActiveCfg = Ad-Hoc|iPhone
		{FC45F92C-2B97-4F8E-8895-38F50F37B1A0}.Ad-Hoc|iPhone.Build.0 = Ad-Hoc|iPhone
		{FC45F92C-2B97-4F8E-8895-38F50F37B1A0}.Ad-Hoc|iPhoneSimulator.ActiveCfg = Ad-Hoc|iPhoneSimulator
		{FC45F92C-2B97-4F8E-8895-38F50F37B1A0}.Ad-Hoc|iPhoneSimulator.Build.0 = Ad-Hoc|iPhoneSimulator
		{FC45F92C-2B97-4F8E-8895-38F50F37B1A0}.Ad-Hoc|Mixed Platforms.ActiveCfg = Ad-Hoc|iPhone
		{FC45F92C-2B97-4F8E-8895-38F50F37B1A0}.Ad-Hoc|Mixed Platforms.Build.0 = Ad-Hoc|iPhone
		{FC45F92C-2B97-4F8E-8895-38F50F37B1A0}.Ad-Hoc|x86.ActiveCfg = Ad-Hoc|iPhone
		{FC45F92C-2B97-4F8E-8895-38F50F37B1A0}.AppStore|Any CPU.ActiveCfg = AppStore|iPhone
		{FC45F92C-2B97-4F8E-8895-38F50F37B1A0}.AppStore|ARM.ActiveCfg = AppStore|iPhone
		{FC45F92C-2B97-4F8E-8895-38F50F37B1A0}.AppStore|iPhone.ActiveCfg = AppStore|iPhone
		{FC45F92C-2B97-4F8E-8895-38F50F37B1A0}.AppStore|iPhone.Build.0 = AppStore|iPhone
		{FC45F92C-2B97-4F8E-8895-38F50F37B1A0}.AppStore|iPhoneSimulator.ActiveCfg = AppStore|iPhoneSimulator
		{FC45F92C-2B97-4F8E-8895-38F50F37B1A0}.AppStore|iPhoneSimulator.Build.0 = AppStore|iPhoneSimulator
		{FC45F92C-2B97-4F8E-8895-38F50F37B1A0}.AppStore|Mixed Platforms.ActiveCfg = AppStore|iPhone
		{FC45F92C-2B97-4F8E-8895-38F50F37B1A0}.AppStore|Mixed Platforms.Build.0 = AppStore|iPhone
		{FC45F92C-2B97-4F8E-8895-38F50F37B1A0}.AppStore|x86.ActiveCfg = AppStore|iPhone
		{FC45F92C-2B97-4F8E-8895-38F50F37B1A0}.Debug|Any CPU.ActiveCfg = Debug|iPhone
		{FC45F92C-2B97-4F8E-8895-38F50F37B1A0}.Debug|ARM.ActiveCfg = Debug|iPhone
		{FC45F92C-2B97-4F8E-8895-38F50F37B1A0}.Debug|iPhone.ActiveCfg = Debug|iPhone
		{FC45F92C-2B97-4F8E-8895-38F50F37B1A0}.Debug|iPhone.Build.0 = Debug|iPhone
		{FC45F92C-2B97-4F8E-8895-38F50F37B1A0}.Debug|iPhoneSimulator.ActiveCfg = Debug|iPhoneSimulator
		{FC45F92C-2B97-4F8E-8895-38F50F37B1A0}.Debug|iPhoneSimulator.Build.0 = Debug|iPhoneSimulator
		{FC45F92C-2B97-4F8E-8895-38F50F37B1A0}.Debug|Mixed Platforms.ActiveCfg = Debug|iPhone
		{FC45F92C-2B97-4F8E-8895-38F50F37B1A0}.Debug|Mixed Platforms.Build.0 = Debug|iPhone
		{FC45F92C-2B97-4F8E-8895-38F50F37B1A0}.Debug|x86.ActiveCfg = Debug|iPhone
		{FC45F92C-2B97-4F8E-8895-38F50F37B1A0}.Release|Any CPU.ActiveCfg = Release|iPhone
		{FC45F92C-2B97-4F8E-8895-38F50F37B1A0}.Release|ARM.ActiveCfg = Release|iPhone
		{FC45F92C-2B97-4F8E-8895-38F50F37B1A0}.Release|iPhone.ActiveCfg = Release|iPhone
		{FC45F92C-2B97-4F8E-8895-38F50F37B1A0}.Release|iPhone.Build.0 = Release|iPhone
		{FC45F92C-2B97-4F8E-8895-38F50F37B1A0}.Release|iPhoneSimulator.ActiveCfg = Release|iPhoneSimulator
		{FC45F92C-2B97-4F8E-8895-38F50F37B1A0}.Release|iPhoneSimulator.Build.0 = Release|iPhoneSimulator
		{FC45F92C-2B97-4F8E-8895-38F50F37B1A0}.Release|Mixed Platforms.ActiveCfg = Release|iPhone
		{FC45F92C-2B97-4F8E-8895-38F50F37B1A0}.Release|Mixed Platforms.Build.0 = Release|iPhone
		{FC45F92C-2B97-4F8E-8895-38F50F37B1A0}.Release|x86.ActiveCfg = Release|iPhone
		{165F38C9-87F3-4575-A9A6-074069820423}.Ad-Hoc|Any CPU.ActiveCfg = Release|Any CPU
		{165F38C9-87F3-4575-A9A6-074069820423}.Ad-Hoc|Any CPU.Build.0 = Release|Any CPU
		{165F38C9-87F3-4575-A9A6-074069820423}.Ad-Hoc|Any CPU.Deploy.0 = Release|Any CPU
		{165F38C9-87F3-4575-A9A6-074069820423}.Ad-Hoc|ARM.ActiveCfg = Release|Any CPU
		{165F38C9-87F3-4575-A9A6-074069820423}.Ad-Hoc|iPhone.ActiveCfg = Release|Any CPU
		{165F38C9-87F3-4575-A9A6-074069820423}.Ad-Hoc|iPhoneSimulator.ActiveCfg = Release|Any CPU
		{165F38C9-87F3-4575-A9A6-074069820423}.Ad-Hoc|Mixed Platforms.ActiveCfg = Release|Any CPU
		{165F38C9-87F3-4575-A9A6-074069820423}.Ad-Hoc|Mixed Platforms.Build.0 = Release|Any CPU
		{165F38C9-87F3-4575-A9A6-074069820423}.Ad-Hoc|Mixed Platforms.Deploy.0 = Release|Any CPU
		{165F38C9-87F3-4575-A9A6-074069820423}.Ad-Hoc|x86.ActiveCfg = Release|Any CPU
		{165F38C9-87F3-4575-A9A6-074069820423}.AppStore|Any CPU.ActiveCfg = Release|Any CPU
		{165F38C9-87F3-4575-A9A6-074069820423}.AppStore|Any CPU.Build.0 = Release|Any CPU
		{165F38C9-87F3-4575-A9A6-074069820423}.AppStore|Any CPU.Deploy.0 = Release|Any CPU
		{165F38C9-87F3-4575-A9A6-074069820423}.AppStore|ARM.ActiveCfg = Release|Any CPU
		{165F38C9-87F3-4575-A9A6-074069820423}.AppStore|iPhone.ActiveCfg = Release|Any CPU
		{165F38C9-87F3-4575-A9A6-074069820423}.AppStore|iPhoneSimulator.ActiveCfg = Release|Any CPU
		{165F38C9-87F3-4575-A9A6-074069820423}.AppStore|Mixed Platforms.ActiveCfg = Release|Any CPU
		{165F38C9-87F3-4575-A9A6-074069820423}.AppStore|Mixed Platforms.Build.0 = Release|Any CPU
		{165F38C9-87F3-4575-A9A6-074069820423}.AppStore|Mixed Platforms.Deploy.0 = Release|Any CPU
		{165F38C9-87F3-4575-A9A6-074069820423}.AppStore|x86.ActiveCfg = Release|Any CPU
		{165F38C9-87F3-4575-A9A6-074069820423}.Debug|Any CPU.ActiveCfg = Debug|Any CPU
		{165F38C9-87F3-4575-A9A6-074069820423}.Debug|Any CPU.Build.0 = Debug|Any CPU
		{165F38C9-87F3-4575-A9A6-074069820423}.Debug|Any CPU.Deploy.0 = Debug|Any CPU
		{165F38C9-87F3-4575-A9A6-074069820423}.Debug|ARM.ActiveCfg = Debug|Any CPU
		{165F38C9-87F3-4575-A9A6-074069820423}.Debug|iPhone.ActiveCfg = Debug|Any CPU
		{165F38C9-87F3-4575-A9A6-074069820423}.Debug|iPhoneSimulator.ActiveCfg = Debug|Any CPU
		{165F38C9-87F3-4575-A9A6-074069820423}.Debug|Mixed Platforms.ActiveCfg = Debug|Any CPU
		{165F38C9-87F3-4575-A9A6-074069820423}.Debug|Mixed Platforms.Build.0 = Debug|Any CPU
		{165F38C9-87F3-4575-A9A6-074069820423}.Debug|Mixed Platforms.Deploy.0 = Debug|Any CPU
		{165F38C9-87F3-4575-A9A6-074069820423}.Debug|x86.ActiveCfg = Debug|Any CPU
		{165F38C9-87F3-4575-A9A6-074069820423}.Release|Any CPU.ActiveCfg = Release|Any CPU
		{165F38C9-87F3-4575-A9A6-074069820423}.Release|Any CPU.Build.0 = Release|Any CPU
		{165F38C9-87F3-4575-A9A6-074069820423}.Release|Any CPU.Deploy.0 = Release|Any CPU
		{165F38C9-87F3-4575-A9A6-074069820423}.Release|ARM.ActiveCfg = Release|Any CPU
		{165F38C9-87F3-4575-A9A6-074069820423}.Release|iPhone.ActiveCfg = Release|Any CPU
		{165F38C9-87F3-4575-A9A6-074069820423}.Release|iPhoneSimulator.ActiveCfg = Release|Any CPU
		{165F38C9-87F3-4575-A9A6-074069820423}.Release|Mixed Platforms.ActiveCfg = Release|Any CPU
		{165F38C9-87F3-4575-A9A6-074069820423}.Release|Mixed Platforms.Build.0 = Release|Any CPU
		{165F38C9-87F3-4575-A9A6-074069820423}.Release|Mixed Platforms.Deploy.0 = Release|Any CPU
		{165F38C9-87F3-4575-A9A6-074069820423}.Release|x86.ActiveCfg = Release|Any CPU
		{64CC576D-6895-4A83-9D7E-290BCE8A0EB7}.Ad-Hoc|Any CPU.ActiveCfg = Release|Any CPU
		{64CC576D-6895-4A83-9D7E-290BCE8A0EB7}.Ad-Hoc|Any CPU.Build.0 = Release|Any CPU
		{64CC576D-6895-4A83-9D7E-290BCE8A0EB7}.Ad-Hoc|Any CPU.Deploy.0 = Release|Any CPU
		{64CC576D-6895-4A83-9D7E-290BCE8A0EB7}.Ad-Hoc|ARM.ActiveCfg = Release|ARM
		{64CC576D-6895-4A83-9D7E-290BCE8A0EB7}.Ad-Hoc|ARM.Build.0 = Release|ARM
		{64CC576D-6895-4A83-9D7E-290BCE8A0EB7}.Ad-Hoc|ARM.Deploy.0 = Release|ARM
		{64CC576D-6895-4A83-9D7E-290BCE8A0EB7}.Ad-Hoc|iPhone.ActiveCfg = Release|Any CPU
		{64CC576D-6895-4A83-9D7E-290BCE8A0EB7}.Ad-Hoc|iPhoneSimulator.ActiveCfg = Release|Any CPU
		{64CC576D-6895-4A83-9D7E-290BCE8A0EB7}.Ad-Hoc|Mixed Platforms.ActiveCfg = Release|x86
		{64CC576D-6895-4A83-9D7E-290BCE8A0EB7}.Ad-Hoc|Mixed Platforms.Build.0 = Release|x86
		{64CC576D-6895-4A83-9D7E-290BCE8A0EB7}.Ad-Hoc|Mixed Platforms.Deploy.0 = Release|x86
		{64CC576D-6895-4A83-9D7E-290BCE8A0EB7}.Ad-Hoc|x86.ActiveCfg = Release|x86
		{64CC576D-6895-4A83-9D7E-290BCE8A0EB7}.Ad-Hoc|x86.Build.0 = Release|x86
		{64CC576D-6895-4A83-9D7E-290BCE8A0EB7}.Ad-Hoc|x86.Deploy.0 = Release|x86
		{64CC576D-6895-4A83-9D7E-290BCE8A0EB7}.AppStore|Any CPU.ActiveCfg = Release|Any CPU
		{64CC576D-6895-4A83-9D7E-290BCE8A0EB7}.AppStore|Any CPU.Build.0 = Release|Any CPU
		{64CC576D-6895-4A83-9D7E-290BCE8A0EB7}.AppStore|Any CPU.Deploy.0 = Release|Any CPU
		{64CC576D-6895-4A83-9D7E-290BCE8A0EB7}.AppStore|ARM.ActiveCfg = Release|ARM
		{64CC576D-6895-4A83-9D7E-290BCE8A0EB7}.AppStore|ARM.Build.0 = Release|ARM
		{64CC576D-6895-4A83-9D7E-290BCE8A0EB7}.AppStore|ARM.Deploy.0 = Release|ARM
		{64CC576D-6895-4A83-9D7E-290BCE8A0EB7}.AppStore|iPhone.ActiveCfg = Release|Any CPU
		{64CC576D-6895-4A83-9D7E-290BCE8A0EB7}.AppStore|iPhoneSimulator.ActiveCfg = Release|Any CPU
		{64CC576D-6895-4A83-9D7E-290BCE8A0EB7}.AppStore|Mixed Platforms.ActiveCfg = Release|x86
		{64CC576D-6895-4A83-9D7E-290BCE8A0EB7}.AppStore|Mixed Platforms.Build.0 = Release|x86
		{64CC576D-6895-4A83-9D7E-290BCE8A0EB7}.AppStore|Mixed Platforms.Deploy.0 = Release|x86
		{64CC576D-6895-4A83-9D7E-290BCE8A0EB7}.AppStore|x86.ActiveCfg = Release|x86
		{64CC576D-6895-4A83-9D7E-290BCE8A0EB7}.AppStore|x86.Build.0 = Release|x86
		{64CC576D-6895-4A83-9D7E-290BCE8A0EB7}.AppStore|x86.Deploy.0 = Release|x86
		{64CC576D-6895-4A83-9D7E-290BCE8A0EB7}.Debug|Any CPU.ActiveCfg = Debug|Any CPU
		{64CC576D-6895-4A83-9D7E-290BCE8A0EB7}.Debug|Any CPU.Build.0 = Debug|Any CPU
		{64CC576D-6895-4A83-9D7E-290BCE8A0EB7}.Debug|Any CPU.Deploy.0 = Debug|Any CPU
		{64CC576D-6895-4A83-9D7E-290BCE8A0EB7}.Debug|ARM.ActiveCfg = Debug|ARM
		{64CC576D-6895-4A83-9D7E-290BCE8A0EB7}.Debug|ARM.Build.0 = Debug|ARM
		{64CC576D-6895-4A83-9D7E-290BCE8A0EB7}.Debug|ARM.Deploy.0 = Debug|ARM
		{64CC576D-6895-4A83-9D7E-290BCE8A0EB7}.Debug|iPhone.ActiveCfg = Debug|Any CPU
		{64CC576D-6895-4A83-9D7E-290BCE8A0EB7}.Debug|iPhoneSimulator.ActiveCfg = Debug|Any CPU
		{64CC576D-6895-4A83-9D7E-290BCE8A0EB7}.Debug|Mixed Platforms.ActiveCfg = Debug|x86
		{64CC576D-6895-4A83-9D7E-290BCE8A0EB7}.Debug|Mixed Platforms.Build.0 = Debug|x86
		{64CC576D-6895-4A83-9D7E-290BCE8A0EB7}.Debug|Mixed Platforms.Deploy.0 = Debug|x86
		{64CC576D-6895-4A83-9D7E-290BCE8A0EB7}.Debug|x86.ActiveCfg = Debug|x86
		{64CC576D-6895-4A83-9D7E-290BCE8A0EB7}.Debug|x86.Build.0 = Debug|x86
		{64CC576D-6895-4A83-9D7E-290BCE8A0EB7}.Debug|x86.Deploy.0 = Debug|x86
		{64CC576D-6895-4A83-9D7E-290BCE8A0EB7}.Release|Any CPU.ActiveCfg = Release|Any CPU
		{64CC576D-6895-4A83-9D7E-290BCE8A0EB7}.Release|Any CPU.Build.0 = Release|Any CPU
		{64CC576D-6895-4A83-9D7E-290BCE8A0EB7}.Release|Any CPU.Deploy.0 = Release|Any CPU
		{64CC576D-6895-4A83-9D7E-290BCE8A0EB7}.Release|ARM.ActiveCfg = Release|ARM
		{64CC576D-6895-4A83-9D7E-290BCE8A0EB7}.Release|ARM.Build.0 = Release|ARM
		{64CC576D-6895-4A83-9D7E-290BCE8A0EB7}.Release|ARM.Deploy.0 = Release|ARM
		{64CC576D-6895-4A83-9D7E-290BCE8A0EB7}.Release|iPhone.ActiveCfg = Release|Any CPU
		{64CC576D-6895-4A83-9D7E-290BCE8A0EB7}.Release|iPhoneSimulator.ActiveCfg = Release|Any CPU
		{64CC576D-6895-4A83-9D7E-290BCE8A0EB7}.Release|Mixed Platforms.ActiveCfg = Release|x86
		{64CC576D-6895-4A83-9D7E-290BCE8A0EB7}.Release|Mixed Platforms.Build.0 = Release|x86
		{64CC576D-6895-4A83-9D7E-290BCE8A0EB7}.Release|Mixed Platforms.Deploy.0 = Release|x86
		{64CC576D-6895-4A83-9D7E-290BCE8A0EB7}.Release|x86.ActiveCfg = Release|x86
		{64CC576D-6895-4A83-9D7E-290BCE8A0EB7}.Release|x86.Build.0 = Release|x86
		{64CC576D-6895-4A83-9D7E-290BCE8A0EB7}.Release|x86.Deploy.0 = Release|x86
	EndGlobalSection
	GlobalSection(SolutionProperties) = preSolution
		HideSolutionNode = FALSE
	EndGlobalSection
EndGlobal
